// !$*UTF8*$!
{
	archiveVersion = 1;
	classes = {
	};
	objectVersion = 60;
	objects = {

/* Begin PBXBuildFile section */
		B10000000000000000000001 /* CapabilityStatus.swift in Sources */ = {isa = PBXBuildFile; fileRef = C00000000000000000000001 /* CapabilityStatus.swift */; };
		B10000000000000000000002 /* Models.swift in Sources */ = {isa = PBXBuildFile; fileRef = C00000000000000000000002 /* Models.swift */; };
		B10000000000000000000003 /* DateBoundaries.swift in Sources */ = {isa = PBXBuildFile; fileRef = C00000000000000000000003 /* DateBoundaries.swift */; };
		B10000000000000000000004 /* UsageFormatting.swift in Sources */ = {isa = PBXBuildFile; fileRef = C00000000000000000000004 /* UsageFormatting.swift */; };
		B10000000000000000000005 /* WidgetCache.swift in Sources */ = {isa = PBXBuildFile; fileRef = C00000000000000000000005 /* WidgetCache.swift */; };
		B10000000000000000000006 /* SnapshotRecordPayload.swift in Sources */ = {isa = PBXBuildFile; fileRef = C00000000000000000000006 /* SnapshotRecordPayload.swift */; };
		B10000000000000000000007 /* AppConfiguration.swift in Sources */ = {isa = PBXBuildFile; fileRef = D00000000000000000000001 /* AppConfiguration.swift */; };
		B10000000000000000000008 /* AppModel.swift in Sources */ = {isa = PBXBuildFile; fileRef = D00000000000000000000002 /* AppModel.swift */; };
		B10000000000000000000009 /* ScreenTimeSharingApp.swift in Sources */ = {isa = PBXBuildFile; fileRef = D00000000000000000000003 /* ScreenTimeSharingApp.swift */; };
		B10000000000000000000010 /* LocalProfileStore.swift in Sources */ = {isa = PBXBuildFile; fileRef = D00000000000000000000007 /* LocalProfileStore.swift */; };
		B10000000000000000000011 /* FamilyActivitySelectionStore.swift in Sources */ = {isa = PBXBuildFile; fileRef = D00000000000000000000008 /* FamilyActivitySelectionStore.swift */; };
		B10000000000000000000012 /* ScreenTimeProvider.swift in Sources */ = {isa = PBXBuildFile; fileRef = D00000000000000000000009 /* ScreenTimeProvider.swift */; };
		B10000000000000000000013 /* DeviceActivityScreenTimeProvider.swift in Sources */ = {isa = PBXBuildFile; fileRef = D00000000000000000000010 /* DeviceActivityScreenTimeProvider.swift */; };
		B10000000000000000000014 /* AppGroupWidgetCacheWriter.swift in Sources */ = {isa = PBXBuildFile; fileRef = D00000000000000000000011 /* AppGroupWidgetCacheWriter.swift */; };
		B10000000000000000000015 /* CloudKitUsageSnapshotStore.swift in Sources */ = {isa = PBXBuildFile; fileRef = D00000000000000000000012 /* CloudKitUsageSnapshotStore.swift */; };
		B10000000000000000000033 /* AppleSignInService.swift in Sources */ = {isa = PBXBuildFile; fileRef = D00000000000000000000027 /* AppleSignInService.swift */; };
		B10000000000000000000034 /* SubscriptionService.swift in Sources */ = {isa = PBXBuildFile; fileRef = D00000000000000000000028 /* SubscriptionService.swift */; };
		B10000000000000000000035 /* PushServerClient.swift in Sources */ = {isa = PBXBuildFile; fileRef = D00000000000000000000029 /* PushServerClient.swift */; };
		B10000000000000000000016 /* CloudShareSheet.swift in Sources */ = {isa = PBXBuildFile; fileRef = D00000000000000000000013 /* CloudShareSheet.swift */; };
		B10000000000000000000017 /* CloudKitShareAcceptance.swift in Sources */ = {isa = PBXBuildFile; fileRef = D00000000000000000000014 /* CloudKitShareAcceptance.swift */; };
		B10000000000000000000018 /* RootView.swift in Sources */ = {isa = PBXBuildFile; fileRef = D00000000000000000000015 /* RootView.swift */; };
		B10000000000000000000019 /* OnboardingView.swift in Sources */ = {isa = PBXBuildFile; fileRef = D00000000000000000000016 /* OnboardingView.swift */; };
		B10000000000000000000020 /* DashboardView.swift in Sources */ = {isa = PBXBuildFile; fileRef = D00000000000000000000017 /* DashboardView.swift */; };
		B10000000000000000000021 /* FriendsView.swift in Sources */ = {isa = PBXBuildFile; fileRef = D00000000000000000000018 /* FriendsView.swift */; };
		B10000000000000000000022 /* SettingsView.swift in Sources */ = {isa = PBXBuildFile; fileRef = D00000000000000000000019 /* SettingsView.swift */; };
		B10000000000000000000023 /* SharedViewBits.swift in Sources */ = {isa = PBXBuildFile; fileRef = D00000000000000000000020 /* SharedViewBits.swift */; };
		B10000000000000000000024 /* AccountabilityModels.swift in Sources */ = {isa = PBXBuildFile; fileRef = C00000000000000000000007 /* AccountabilityModels.swift */; };
		B10000000000000000000025 /* StatsView.swift in Sources */ = {isa = PBXBuildFile; fileRef = D00000000000000000000021 /* StatsView.swift */; };
		B10000000000000000000026 /* BlockingModels.swift in Sources */ = {isa = PBXBuildFile; fileRef = C00000000000000000000008 /* BlockingModels.swift */; };
		B10000000000000000000027 /* BlockingSelectionCodec.swift in Sources */ = {isa = PBXBuildFile; fileRef = D00000000000000000000022 /* BlockingSelectionCodec.swift */; };
		B10000000000000000000028 /* BlockingEnforcementService.swift in Sources */ = {isa = PBXBuildFile; fileRef = D00000000000000000000023 /* BlockingEnforcementService.swift */; };
		B10000000000000000000029 /* BlockingSettingsView.swift in Sources */ = {isa = PBXBuildFile; fileRef = D00000000000000000000024 /* BlockingSettingsView.swift */; };
		B10000000000000000000030 /* ScreenTimeReportStorage.swift in Sources */ = {isa = PBXBuildFile; fileRef = C00000000000000000000009 /* ScreenTimeReportStorage.swift */; };
		B10000000000000000000031 /* ScreenTimeReportContext.swift in Sources */ = {isa = PBXBuildFile; fileRef = D00000000000000000000025 /* ScreenTimeReportContext.swift */; };
		B10000000000000000000032 /* ScreenTimeReportBridgeView.swift in Sources */ = {isa = PBXBuildFile; fileRef = D00000000000000000000026 /* ScreenTimeReportBridgeView.swift */; };
		B30000000000000000000001 /* Resources/Assets.xcassets in Resources */ = {isa = PBXBuildFile; fileRef = D00000000000000000000006 /* Resources/Assets.xcassets */; };
		B40000000000000000000002 /* ScreenLogActivityMonitorExtension.appex in Embed Foundation Extensions */ = {isa = PBXBuildFile; fileRef = F10000000000000000000010 /* ScreenLogActivityMonitorExtension.appex */; settings = {ATTRIBUTES = (CodeSignOnCopy, RemoveHeadersOnCopy, ); }; };
		B40000000000000000000003 /* ScreenLogShieldActionExtension.appex in Embed Foundation Extensions */ = {isa = PBXBuildFile; fileRef = F20000000000000000000010 /* ScreenLogShieldActionExtension.appex */; settings = {ATTRIBUTES = (CodeSignOnCopy, RemoveHeadersOnCopy, ); }; };
		B40000000000000000000004 /* ScreenLogShieldConfigurationExtension.appex in Embed Foundation Extensions */ = {isa = PBXBuildFile; fileRef = F30000000000000000000010 /* ScreenLogShieldConfigurationExtension.appex */; settings = {ATTRIBUTES = (CodeSignOnCopy, RemoveHeadersOnCopy, ); }; };
		B40000000000000000000005 /* ScreenLogDeviceActivityReportExtension.appex in Embed ExtensionKit Extensions */ = {isa = PBXBuildFile; fileRef = F40000000000000000000010 /* ScreenLogDeviceActivityReportExtension.appex */; settings = {ATTRIBUTES = (CodeSignOnCopy, RemoveHeadersOnCopy, ); }; };
		B50000000000000000000003 /* BlockingModels.swift in Sources */ = {isa = PBXBuildFile; fileRef = C00000000000000000000008 /* BlockingModels.swift */; };
		B50000000000000000000004 /* ExtensionBlockingSupport.swift in Sources */ = {isa = PBXBuildFile; fileRef = F10000000000000000000001 /* ExtensionBlockingSupport.swift */; };
		B50000000000000000000005 /* ScreenLogActivityMonitorExtension.swift in Sources */ = {isa = PBXBuildFile; fileRef = F10000000000000000000002 /* ScreenLogActivityMonitorExtension.swift */; };
		B60000000000000000000005 /* ScreenLogShieldActionExtension.swift in Sources */ = {isa = PBXBuildFile; fileRef = F20000000000000000000001 /* ScreenLogShieldActionExtension.swift */; };
		B70000000000000000000001 /* ScreenLogShieldConfigurationExtension.swift in Sources */ = {isa = PBXBuildFile; fileRef = F30000000000000000000001 /* ScreenLogShieldConfigurationExtension.swift */; };
		B80000000000000000000001 /* CapabilityStatus.swift in Sources */ = {isa = PBXBuildFile; fileRef = C00000000000000000000001 /* CapabilityStatus.swift */; };
		B80000000000000000000002 /* Models.swift in Sources */ = {isa = PBXBuildFile; fileRef = C00000000000000000000002 /* Models.swift */; };
		B80000000000000000000003 /* DateBoundaries.swift in Sources */ = {isa = PBXBuildFile; fileRef = C00000000000000000000003 /* DateBoundaries.swift */; };
		B80000000000000000000004 /* ScreenTimeReportStorage.swift in Sources */ = {isa = PBXBuildFile; fileRef = C00000000000000000000009 /* ScreenTimeReportStorage.swift */; };
		B80000000000000000000005 /* ScreenLogDeviceActivityReportExtension.swift in Sources */ = {isa = PBXBuildFile; fileRef = F40000000000000000000001 /* ScreenLogDeviceActivityReportExtension.swift */; };
		B80000000000000000000006 /* ScreenLogUsageReport.swift in Sources */ = {isa = PBXBuildFile; fileRef = F40000000000000000000002 /* ScreenLogUsageReport.swift */; };
		B80000000000000000000007 /* AccountabilityModels.swift in Sources */ = {isa = PBXBuildFile; fileRef = C00000000000000000000007 /* AccountabilityModels.swift */; };
/* End PBXBuildFile section */

/* Begin PBXContainerItemProxy section */
		F10000000000000000000030 /* PBXContainerItemProxy */ = {
			isa = PBXContainerItemProxy;
			containerPortal = A00000000000000000000001 /* Project object */;
			proxyType = 1;
			remoteGlobalIDString = F10000000000000000000040;
			remoteInfo = ScreenLogActivityMonitorExtension;
		};
		F20000000000000000000030 /* PBXContainerItemProxy */ = {
			isa = PBXContainerItemProxy;
			containerPortal = A00000000000000000000001 /* Project object */;
			proxyType = 1;
			remoteGlobalIDString = F20000000000000000000040;
			remoteInfo = ScreenLogShieldActionExtension;
		};
		F30000000000000000000030 /* PBXContainerItemProxy */ = {
			isa = PBXContainerItemProxy;
			containerPortal = A00000000000000000000001 /* Project object */;
			proxyType = 1;
			remoteGlobalIDString = F30000000000000000000040;
			remoteInfo = ScreenLogShieldConfigurationExtension;
		};
		F40000000000000000000030 /* PBXContainerItemProxy */ = {
			isa = PBXContainerItemProxy;
			containerPortal = A00000000000000000000001 /* Project object */;
			proxyType = 1;
			remoteGlobalIDString = F40000000000000000000040;
			remoteInfo = ScreenLogDeviceActivityReportExtension;
		};
/* End PBXContainerItemProxy section */

/* Begin PBXCopyFilesBuildPhase section */
		A00000000000000000000017 /* Embed Foundation Extensions */ = {
			isa = PBXCopyFilesBuildPhase;
			buildActionMask = 2147483647;
			dstPath = "";
			dstSubfolderSpec = 13;
			files = (
				B40000000000000000000002 /* ScreenLogActivityMonitorExtension.appex in Embed Foundation Extensions */,
				B40000000000000000000003 /* ScreenLogShieldActionExtension.appex in Embed Foundation Extensions */,
				B40000000000000000000004 /* ScreenLogShieldConfigurationExtension.appex in Embed Foundation Extensions */,
			);
			name = "Embed Foundation Extensions";
			runOnlyForDeploymentPostprocessing = 0;
		};
		F40000000000000000000060 /* Embed ExtensionKit Extensions */ = {
			isa = PBXCopyFilesBuildPhase;
			buildActionMask = 2147483647;
			dstPath = Extensions;
			dstSubfolderSpec = 1;
			files = (
				B40000000000000000000005 /* ScreenLogDeviceActivityReportExtension.appex in Embed ExtensionKit Extensions */,
			);
			name = "Embed ExtensionKit Extensions";
			runOnlyForDeploymentPostprocessing = 0;
		};
/* End PBXCopyFilesBuildPhase section */

/* Begin PBXFileReference section */
		A00000000000000000000012 /* ScreenTimeSharing.app */ = {isa = PBXFileReference; explicitFileType = wrapper.application; includeInIndex = 0; path = ScreenTimeSharing.app; sourceTree = BUILT_PRODUCTS_DIR; };
		C00000000000000000000001 /* CapabilityStatus.swift */ = {isa = PBXFileReference; lastKnownFileType = sourcecode.swift; path = CapabilityStatus.swift; sourceTree = "<group>"; };
		C00000000000000000000002 /* Models.swift */ = {isa = PBXFileReference; lastKnownFileType = sourcecode.swift; path = Models.swift; sourceTree = "<group>"; };
		C00000000000000000000003 /* DateBoundaries.swift */ = {isa = PBXFileReference; lastKnownFileType = sourcecode.swift; path = DateBoundaries.swift; sourceTree = "<group>"; };
		C00000000000000000000004 /* UsageFormatting.swift */ = {isa = PBXFileReference; lastKnownFileType = sourcecode.swift; path = UsageFormatting.swift; sourceTree = "<group>"; };
		C00000000000000000000005 /* WidgetCache.swift */ = {isa = PBXFileReference; lastKnownFileType = sourcecode.swift; path = WidgetCache.swift; sourceTree = "<group>"; };
		C00000000000000000000006 /* SnapshotRecordPayload.swift */ = {isa = PBXFileReference; lastKnownFileType = sourcecode.swift; path = SnapshotRecordPayload.swift; sourceTree = "<group>"; };
		C00000000000000000000007 /* AccountabilityModels.swift */ = {isa = PBXFileReference; lastKnownFileType = sourcecode.swift; path = AccountabilityModels.swift; sourceTree = "<group>"; };
		C00000000000000000000008 /* BlockingModels.swift */ = {isa = PBXFileReference; lastKnownFileType = sourcecode.swift; path = BlockingModels.swift; sourceTree = "<group>"; };
		C00000000000000000000009 /* ScreenTimeReportStorage.swift */ = {isa = PBXFileReference; lastKnownFileType = sourcecode.swift; path = ScreenTimeReportStorage.swift; sourceTree = "<group>"; };
		D00000000000000000000001 /* AppConfiguration.swift */ = {isa = PBXFileReference; lastKnownFileType = sourcecode.swift; path = AppConfiguration.swift; sourceTree = "<group>"; };
		D00000000000000000000002 /* AppModel.swift */ = {isa = PBXFileReference; lastKnownFileType = sourcecode.swift; path = AppModel.swift; sourceTree = "<group>"; };
		D00000000000000000000003 /* ScreenTimeSharingApp.swift */ = {isa = PBXFileReference; lastKnownFileType = sourcecode.swift; path = ScreenTimeSharingApp.swift; sourceTree = "<group>"; };
		D00000000000000000000004 /* Info.plist */ = {isa = PBXFileReference; lastKnownFileType = text.plist.xml; path = Info.plist; sourceTree = "<group>"; };
		D00000000000000000000005 /* ScreenTimeSharing.entitlements */ = {isa = PBXFileReference; lastKnownFileType = text.plist.entitlements; path = ScreenTimeSharing.entitlements; sourceTree = "<group>"; };
		D00000000000000000000006 /* Resources/Assets.xcassets */ = {isa = PBXFileReference; lastKnownFileType = folder.assetcatalog; path = Resources/Assets.xcassets; sourceTree = "<group>"; };
		D00000000000000000000007 /* LocalProfileStore.swift */ = {isa = PBXFileReference; lastKnownFileType = sourcecode.swift; path = LocalProfileStore.swift; sourceTree = "<group>"; };
		D00000000000000000000008 /* FamilyActivitySelectionStore.swift */ = {isa = PBXFileReference; lastKnownFileType = sourcecode.swift; path = FamilyActivitySelectionStore.swift; sourceTree = "<group>"; };
		D00000000000000000000009 /* ScreenTimeProvider.swift */ = {isa = PBXFileReference; lastKnownFileType = sourcecode.swift; path = ScreenTimeProvider.swift; sourceTree = "<group>"; };
		D00000000000000000000010 /* DeviceActivityScreenTimeProvider.swift */ = {isa = PBXFileReference; lastKnownFileType = sourcecode.swift; path = DeviceActivityScreenTimeProvider.swift; sourceTree = "<group>"; };
		D00000000000000000000011 /* AppGroupWidgetCacheWriter.swift */ = {isa = PBXFileReference; lastKnownFileType = sourcecode.swift; path = AppGroupWidgetCacheWriter.swift; sourceTree = "<group>"; };
		D00000000000000000000012 /* CloudKitUsageSnapshotStore.swift */ = {isa = PBXFileReference; lastKnownFileType = sourcecode.swift; path = CloudKitUsageSnapshotStore.swift; sourceTree = "<group>"; };
		D00000000000000000000027 /* AppleSignInService.swift */ = {isa = PBXFileReference; lastKnownFileType = sourcecode.swift; path = AppleSignInService.swift; sourceTree = "<group>"; };
		D00000000000000000000028 /* SubscriptionService.swift */ = {isa = PBXFileReference; lastKnownFileType = sourcecode.swift; path = SubscriptionService.swift; sourceTree = "<group>"; };
		D00000000000000000000029 /* PushServerClient.swift */ = {isa = PBXFileReference; lastKnownFileType = sourcecode.swift; path = PushServerClient.swift; sourceTree = "<group>"; };
		D00000000000000000000013 /* CloudShareSheet.swift */ = {isa = PBXFileReference; lastKnownFileType = sourcecode.swift; path = CloudShareSheet.swift; sourceTree = "<group>"; };
		D00000000000000000000014 /* CloudKitShareAcceptance.swift */ = {isa = PBXFileReference; lastKnownFileType = sourcecode.swift; path = CloudKitShareAcceptance.swift; sourceTree = "<group>"; };
		D00000000000000000000015 /* RootView.swift */ = {isa = PBXFileReference; lastKnownFileType = sourcecode.swift; path = RootView.swift; sourceTree = "<group>"; };
		D00000000000000000000016 /* OnboardingView.swift */ = {isa = PBXFileReference; lastKnownFileType = sourcecode.swift; path = OnboardingView.swift; sourceTree = "<group>"; };
		D00000000000000000000017 /* DashboardView.swift */ = {isa = PBXFileReference; lastKnownFileType = sourcecode.swift; path = DashboardView.swift; sourceTree = "<group>"; };
		D00000000000000000000018 /* FriendsView.swift */ = {isa = PBXFileReference; lastKnownFileType = sourcecode.swift; path = FriendsView.swift; sourceTree = "<group>"; };
		D00000000000000000000019 /* SettingsView.swift */ = {isa = PBXFileReference; lastKnownFileType = sourcecode.swift; path = SettingsView.swift; sourceTree = "<group>"; };
		D00000000000000000000020 /* SharedViewBits.swift */ = {isa = PBXFileReference; lastKnownFileType = sourcecode.swift; path = SharedViewBits.swift; sourceTree = "<group>"; };
		D00000000000000000000021 /* StatsView.swift */ = {isa = PBXFileReference; lastKnownFileType = sourcecode.swift; path = StatsView.swift; sourceTree = "<group>"; };
		D00000000000000000000022 /* BlockingSelectionCodec.swift */ = {isa = PBXFileReference; lastKnownFileType = sourcecode.swift; path = BlockingSelectionCodec.swift; sourceTree = "<group>"; };
		D00000000000000000000023 /* BlockingEnforcementService.swift */ = {isa = PBXFileReference; lastKnownFileType = sourcecode.swift; path = BlockingEnforcementService.swift; sourceTree = "<group>"; };
		D00000000000000000000024 /* BlockingSettingsView.swift */ = {isa = PBXFileReference; lastKnownFileType = sourcecode.swift; path = BlockingSettingsView.swift; sourceTree = "<group>"; };
		D00000000000000000000025 /* ScreenTimeReportContext.swift */ = {isa = PBXFileReference; lastKnownFileType = sourcecode.swift; path = ScreenTimeReportContext.swift; sourceTree = "<group>"; };
		D00000000000000000000026 /* ScreenTimeReportBridgeView.swift */ = {isa = PBXFileReference; lastKnownFileType = sourcecode.swift; path = ScreenTimeReportBridgeView.swift; sourceTree = "<group>"; };
		F10000000000000000000001 /* ExtensionBlockingSupport.swift */ = {isa = PBXFileReference; lastKnownFileType = sourcecode.swift; path = ExtensionBlockingSupport.swift; sourceTree = "<group>"; };
		F10000000000000000000002 /* ScreenLogActivityMonitorExtension.swift */ = {isa = PBXFileReference; lastKnownFileType = sourcecode.swift; path = ScreenLogActivityMonitorExtension.swift; sourceTree = "<group>"; };
		F10000000000000000000003 /* Info.plist */ = {isa = PBXFileReference; lastKnownFileType = text.plist.xml; path = Info.plist; sourceTree = "<group>"; };
		F10000000000000000000004 /* ScreenLogActivityMonitorExtension.entitlements */ = {isa = PBXFileReference; lastKnownFileType = text.plist.entitlements; path = ScreenLogActivityMonitorExtension.entitlements; sourceTree = "<group>"; };
		F10000000000000000000010 /* ScreenLogActivityMonitorExtension.appex */ = {isa = PBXFileReference; explicitFileType = "wrapper.app-extension"; includeInIndex = 0; path = ScreenLogActivityMonitorExtension.appex; sourceTree = BUILT_PRODUCTS_DIR; };
		F20000000000000000000001 /* ScreenLogShieldActionExtension.swift */ = {isa = PBXFileReference; lastKnownFileType = sourcecode.swift; path = ScreenLogShieldActionExtension.swift; sourceTree = "<group>"; };
		F20000000000000000000002 /* Info.plist */ = {isa = PBXFileReference; lastKnownFileType = text.plist.xml; path = Info.plist; sourceTree = "<group>"; };
		F20000000000000000000003 /* ScreenLogShieldActionExtension.entitlements */ = {isa = PBXFileReference; lastKnownFileType = text.plist.entitlements; path = ScreenLogShieldActionExtension.entitlements; sourceTree = "<group>"; };
		F20000000000000000000010 /* ScreenLogShieldActionExtension.appex */ = {isa = PBXFileReference; explicitFileType = "wrapper.app-extension"; includeInIndex = 0; path = ScreenLogShieldActionExtension.appex; sourceTree = BUILT_PRODUCTS_DIR; };
		F30000000000000000000001 /* ScreenLogShieldConfigurationExtension.swift */ = {isa = PBXFileReference; lastKnownFileType = sourcecode.swift; path = ScreenLogShieldConfigurationExtension.swift; sourceTree = "<group>"; };
		F30000000000000000000002 /* Info.plist */ = {isa = PBXFileReference; lastKnownFileType = text.plist.xml; path = Info.plist; sourceTree = "<group>"; };
		F30000000000000000000003 /* ScreenLogShieldConfigurationExtension.entitlements */ = {isa = PBXFileReference; lastKnownFileType = text.plist.entitlements; path = ScreenLogShieldConfigurationExtension.entitlements; sourceTree = "<group>"; };
		F30000000000000000000010 /* ScreenLogShieldConfigurationExtension.appex */ = {isa = PBXFileReference; explicitFileType = "wrapper.app-extension"; includeInIndex = 0; path = ScreenLogShieldConfigurationExtension.appex; sourceTree = BUILT_PRODUCTS_DIR; };
		F40000000000000000000001 /* ScreenLogDeviceActivityReportExtension.swift */ = {isa = PBXFileReference; lastKnownFileType = sourcecode.swift; path = ScreenLogDeviceActivityReportExtension.swift; sourceTree = "<group>"; };
		F40000000000000000000002 /* ScreenLogUsageReport.swift */ = {isa = PBXFileReference; lastKnownFileType = sourcecode.swift; path = ScreenLogUsageReport.swift; sourceTree = "<group>"; };
		F40000000000000000000003 /* Info.plist */ = {isa = PBXFileReference; lastKnownFileType = text.plist.xml; path = Info.plist; sourceTree = "<group>"; };
		F40000000000000000000004 /* ScreenLogDeviceActivityReportExtension.entitlements */ = {isa = PBXFileReference; lastKnownFileType = text.plist.entitlements; path = ScreenLogDeviceActivityReportExtension.entitlements; sourceTree = "<group>"; };
		F40000000000000000000010 /* ScreenLogDeviceActivityReportExtension.appex */ = {isa = PBXFileReference; explicitFileType = "wrapper.extensionkit-extension"; includeInIndex = 0; path = ScreenLogDeviceActivityReportExtension.appex; sourceTree = BUILT_PRODUCTS_DIR; };
/* End PBXFileReference section */

/* Begin PBXFrameworksBuildPhase section */
		A00000000000000000000015 /* Frameworks */ = {
			isa = PBXFrameworksBuildPhase;
			buildActionMask = 2147483647;
			files = (
			);
			runOnlyForDeploymentPostprocessing = 0;
		};
		F10000000000000000000051 /* Frameworks */ = {
			isa = PBXFrameworksBuildPhase;
			buildActionMask = 2147483647;
			files = (
			);
			runOnlyForDeploymentPostprocessing = 0;
		};
		F20000000000000000000051 /* Frameworks */ = {
			isa = PBXFrameworksBuildPhase;
			buildActionMask = 2147483647;
			files = (
			);
			runOnlyForDeploymentPostprocessing = 0;
		};
		F30000000000000000000051 /* Frameworks */ = {
			isa = PBXFrameworksBuildPhase;
			buildActionMask = 2147483647;
			files = (
			);
			runOnlyForDeploymentPostprocessing = 0;
		};
		F40000000000000000000051 /* Frameworks */ = {
			isa = PBXFrameworksBuildPhase;
			buildActionMask = 2147483647;
			files = (
			);
			runOnlyForDeploymentPostprocessing = 0;
		};
/* End PBXFrameworksBuildPhase section */

/* Begin PBXGroup section */
		A00000000000000000000002 = {
			isa = PBXGroup;
			children = (
				A00000000000000000000004 /* ScreenTimeSharing */,
				F10000000000000000000020 /* ScreenLogActivityMonitorExtension */,
				F20000000000000000000020 /* ScreenLogShieldActionExtension */,
				F30000000000000000000020 /* ScreenLogShieldConfigurationExtension */,
				F40000000000000000000020 /* ScreenLogDeviceActivityReportExtension */,
				A00000000000000000000006 /* Sources/ScreenTimeSharingCore */,
				A00000000000000000000003 /* Products */,
			);
			sourceTree = "<group>";
		};
		A00000000000000000000003 /* Products */ = {
			isa = PBXGroup;
			children = (
				A00000000000000000000012 /* ScreenTimeSharing.app */,
				F10000000000000000000010 /* ScreenLogActivityMonitorExtension.appex */,
				F20000000000000000000010 /* ScreenLogShieldActionExtension.appex */,
				F30000000000000000000010 /* ScreenLogShieldConfigurationExtension.appex */,
				F40000000000000000000010 /* ScreenLogDeviceActivityReportExtension.appex */,
			);
			name = Products;
			sourceTree = "<group>";
		};
		A00000000000000000000004 /* ScreenTimeSharing */ = {
			isa = PBXGroup;
			children = (
				D00000000000000000000001 /* AppConfiguration.swift */,
				D00000000000000000000002 /* AppModel.swift */,
				D00000000000000000000003 /* ScreenTimeSharingApp.swift */,
				A00000000000000000000007 /* Services */,
				A00000000000000000000008 /* Views */,
				D00000000000000000000006 /* Resources/Assets.xcassets */,
				D00000000000000000000004 /* Info.plist */,
				D00000000000000000000005 /* ScreenTimeSharing.entitlements */,
			);
			path = ScreenTimeSharing;
			sourceTree = "<group>";
		};
		A00000000000000000000006 /* Sources/ScreenTimeSharingCore */ = {
			isa = PBXGroup;
			children = (
				C00000000000000000000001 /* CapabilityStatus.swift */,
				C00000000000000000000002 /* Models.swift */,
				C00000000000000000000003 /* DateBoundaries.swift */,
				C00000000000000000000004 /* UsageFormatting.swift */,
				C00000000000000000000005 /* WidgetCache.swift */,
				C00000000000000000000006 /* SnapshotRecordPayload.swift */,
				C00000000000000000000007 /* AccountabilityModels.swift */,
				C00000000000000000000008 /* BlockingModels.swift */,
				C00000000000000000000009 /* ScreenTimeReportStorage.swift */,
			);
			path = Sources/ScreenTimeSharingCore;
			sourceTree = "<group>";
		};
		A00000000000000000000007 /* Services */ = {
			isa = PBXGroup;
			children = (
				D00000000000000000000007 /* LocalProfileStore.swift */,
				D00000000000000000000008 /* FamilyActivitySelectionStore.swift */,
				D00000000000000000000009 /* ScreenTimeProvider.swift */,
				D00000000000000000000010 /* DeviceActivityScreenTimeProvider.swift */,
				D00000000000000000000011 /* AppGroupWidgetCacheWriter.swift */,
				D00000000000000000000012 /* CloudKitUsageSnapshotStore.swift */,
				D00000000000000000000013 /* CloudShareSheet.swift */,
				D00000000000000000000014 /* CloudKitShareAcceptance.swift */,
				D00000000000000000000022 /* BlockingSelectionCodec.swift */,
				D00000000000000000000023 /* BlockingEnforcementService.swift */,
				D00000000000000000000025 /* ScreenTimeReportContext.swift */,
				D00000000000000000000027 /* AppleSignInService.swift */,
				D00000000000000000000028 /* SubscriptionService.swift */,
				D00000000000000000000029 /* PushServerClient.swift */,
			);
			path = Services;
			sourceTree = "<group>";
		};
		A00000000000000000000008 /* Views */ = {
			isa = PBXGroup;
			children = (
				D00000000000000000000015 /* RootView.swift */,
				D00000000000000000000016 /* OnboardingView.swift */,
				D00000000000000000000017 /* DashboardView.swift */,
				D00000000000000000000018 /* FriendsView.swift */,
				D00000000000000000000021 /* StatsView.swift */,
				D00000000000000000000024 /* BlockingSettingsView.swift */,
				D00000000000000000000019 /* SettingsView.swift */,
				D00000000000000000000020 /* SharedViewBits.swift */,
				D00000000000000000000026 /* ScreenTimeReportBridgeView.swift */,
			);
			path = Views;
			sourceTree = "<group>";
		};
		F10000000000000000000020 /* ScreenLogActivityMonitorExtension */ = {
			isa = PBXGroup;
			children = (
				F10000000000000000000001 /* ExtensionBlockingSupport.swift */,
				F10000000000000000000002 /* ScreenLogActivityMonitorExtension.swift */,
				F10000000000000000000003 /* Info.plist */,
				F10000000000000000000004 /* ScreenLogActivityMonitorExtension.entitlements */,
			);
			path = ScreenLogActivityMonitorExtension;
			sourceTree = "<group>";
		};
		F20000000000000000000020 /* ScreenLogShieldActionExtension */ = {
			isa = PBXGroup;
			children = (
				F20000000000000000000001 /* ScreenLogShieldActionExtension.swift */,
				F20000000000000000000002 /* Info.plist */,
				F20000000000000000000003 /* ScreenLogShieldActionExtension.entitlements */,
			);
			path = ScreenLogShieldActionExtension;
			sourceTree = "<group>";
		};
		F30000000000000000000020 /* ScreenLogShieldConfigurationExtension */ = {
			isa = PBXGroup;
			children = (
				F30000000000000000000001 /* ScreenLogShieldConfigurationExtension.swift */,
				F30000000000000000000002 /* Info.plist */,
				F30000000000000000000003 /* ScreenLogShieldConfigurationExtension.entitlements */,
			);
			path = ScreenLogShieldConfigurationExtension;
			sourceTree = "<group>";
		};
		F40000000000000000000020 /* ScreenLogDeviceActivityReportExtension */ = {
			isa = PBXGroup;
			children = (
				F40000000000000000000001 /* ScreenLogDeviceActivityReportExtension.swift */,
				F40000000000000000000002 /* ScreenLogUsageReport.swift */,
				F40000000000000000000003 /* Info.plist */,
				F40000000000000000000004 /* ScreenLogDeviceActivityReportExtension.entitlements */,
			);
			path = ScreenLogDeviceActivityReportExtension;
			sourceTree = "<group>";
		};
/* End PBXGroup section */

/* Begin PBXNativeTarget section */
		A00000000000000000000010 /* ScreenTimeSharing */ = {
			isa = PBXNativeTarget;
			buildConfigurationList = A00000000000000000000093 /* Build configuration list for PBXNativeTarget "ScreenTimeSharing" */;
			buildPhases = (
				A00000000000000000000014 /* Sources */,
				A00000000000000000000015 /* Frameworks */,
				A00000000000000000000016 /* Resources */,
				A00000000000000000000017 /* Embed Foundation Extensions */,
				F40000000000000000000060 /* Embed ExtensionKit Extensions */,
			);
			buildRules = (
			);
			dependencies = (
				F10000000000000000000031 /* PBXTargetDependency */,
				F20000000000000000000031 /* PBXTargetDependency */,
				F30000000000000000000031 /* PBXTargetDependency */,
				F40000000000000000000031 /* PBXTargetDependency */,
			);
			name = ScreenTimeSharing;
			productName = ScreenTimeSharing;
			productReference = A00000000000000000000012 /* ScreenTimeSharing.app */;
			productType = "com.apple.product-type.application";
		};
		F10000000000000000000040 /* ScreenLogActivityMonitorExtension */ = {
			isa = PBXNativeTarget;
			buildConfigurationList = F10000000000000000000090 /* Build configuration list for PBXNativeTarget "ScreenLogActivityMonitorExtension" */;
			buildPhases = (
				F10000000000000000000050 /* Sources */,
				F10000000000000000000051 /* Frameworks */,
				F10000000000000000000052 /* Resources */,
			);
			buildRules = (
			);
			dependencies = (
			);
			name = ScreenLogActivityMonitorExtension;
			productName = ScreenLogActivityMonitorExtension;
			productReference = F10000000000000000000010 /* ScreenLogActivityMonitorExtension.appex */;
			productType = "com.apple.product-type.app-extension";
		};
		F20000000000000000000040 /* ScreenLogShieldActionExtension */ = {
			isa = PBXNativeTarget;
			buildConfigurationList = F20000000000000000000090 /* Build configuration list for PBXNativeTarget "ScreenLogShieldActionExtension" */;
			buildPhases = (
				F20000000000000000000050 /* Sources */,
				F20000000000000000000051 /* Frameworks */,
				F20000000000000000000052 /* Resources */,
			);
			buildRules = (
			);
			dependencies = (
			);
			name = ScreenLogShieldActionExtension;
			productName = ScreenLogShieldActionExtension;
			productReference = F20000000000000000000010 /* ScreenLogShieldActionExtension.appex */;
			productType = "com.apple.product-type.app-extension";
		};
		F30000000000000000000040 /* ScreenLogShieldConfigurationExtension */ = {
			isa = PBXNativeTarget;
			buildConfigurationList = F30000000000000000000090 /* Build configuration list for PBXNativeTarget "ScreenLogShieldConfigurationExtension" */;
			buildPhases = (
				F30000000000000000000050 /* Sources */,
				F30000000000000000000051 /* Frameworks */,
				F30000000000000000000052 /* Resources */,
			);
			buildRules = (
			);
			dependencies = (
			);
			name = ScreenLogShieldConfigurationExtension;
			productName = ScreenLogShieldConfigurationExtension;
			productReference = F30000000000000000000010 /* ScreenLogShieldConfigurationExtension.appex */;
			productType = "com.apple.product-type.app-extension";
		};
		F40000000000000000000040 /* ScreenLogDeviceActivityReportExtension */ = {
			isa = PBXNativeTarget;
			buildConfigurationList = F40000000000000000000090 /* Build configuration list for PBXNativeTarget "ScreenLogDeviceActivityReportExtension" */;
			buildPhases = (
				F40000000000000000000050 /* Sources */,
				F40000000000000000000051 /* Frameworks */,
				F40000000000000000000052 /* Resources */,
			);
			buildRules = (
			);
			dependencies = (
			);
			name = ScreenLogDeviceActivityReportExtension;
			productName = ScreenLogDeviceActivityReportExtension;
			productReference = F40000000000000000000010 /* ScreenLogDeviceActivityReportExtension.appex */;
			productType = "com.apple.product-type.extensionkit-extension";
		};
/* End PBXNativeTarget section */

/* Begin PBXProject section */
		A00000000000000000000001 /* Project object */ = {
			isa = PBXProject;
			attributes = {
				BuildIndependentTargetsInParallel = 1;
				LastSwiftUpdateCheck = 1600;
				LastUpgradeCheck = 2630;
				TargetAttributes = {
					A00000000000000000000010 = {
						CreatedOnToolsVersion = 16.0;
					};
					F10000000000000000000040 = {
						CreatedOnToolsVersion = 16.0;
					};
					F20000000000000000000040 = {
						CreatedOnToolsVersion = 16.0;
					};
					F30000000000000000000040 = {
						CreatedOnToolsVersion = 16.0;
					};
					F40000000000000000000040 = {
						CreatedOnToolsVersion = 16.0;
					};
				};
			};
			buildConfigurationList = A00000000000000000000090 /* Build configuration list for PBXProject "ScreenTimeSharing" */;
			compatibilityVersion = "Xcode 15.0";
			developmentRegion = en;
			hasScannedForEncodings = 0;
			knownRegions = (
				en,
				Base,
			);
			mainGroup = A00000000000000000000002;
			productRefGroup = A00000000000000000000003 /* Products */;
			projectDirPath = "";
			projectRoot = "";
			targets = (
				A00000000000000000000010 /* ScreenTimeSharing */,
				F10000000000000000000040 /* ScreenLogActivityMonitorExtension */,
				F20000000000000000000040 /* ScreenLogShieldActionExtension */,
				F30000000000000000000040 /* ScreenLogShieldConfigurationExtension */,
				F40000000000000000000040 /* ScreenLogDeviceActivityReportExtension */,
			);
		};
/* End PBXProject section */

/* Begin PBXResourcesBuildPhase section */
		A00000000000000000000016 /* Resources */ = {
			isa = PBXResourcesBuildPhase;
			buildActionMask = 2147483647;
			files = (
				B30000000000000000000001 /* Resources/Assets.xcassets in Resources */,
			);
			runOnlyForDeploymentPostprocessing = 0;
		};
		F10000000000000000000052 /* Resources */ = {
			isa = PBXResourcesBuildPhase;
			buildActionMask = 2147483647;
			files = (
			);
			runOnlyForDeploymentPostprocessing = 0;
		};
		F20000000000000000000052 /* Resources */ = {
			isa = PBXResourcesBuildPhase;
			buildActionMask = 2147483647;
			files = (
			);
			runOnlyForDeploymentPostprocessing = 0;
		};
		F30000000000000000000052 /* Resources */ = {
			isa = PBXResourcesBuildPhase;
			buildActionMask = 2147483647;
			files = (
			);
			runOnlyForDeploymentPostprocessing = 0;
		};
		F40000000000000000000052 /* Resources */ = {
			isa = PBXResourcesBuildPhase;
			buildActionMask = 2147483647;
			files = (
			);
			runOnlyForDeploymentPostprocessing = 0;
		};
/* End PBXResourcesBuildPhase section */

/* Begin PBXSourcesBuildPhase section */
		A00000000000000000000014 /* Sources */ = {
			isa = PBXSourcesBuildPhase;
			buildActionMask = 2147483647;
			files = (
				B10000000000000000000001 /* CapabilityStatus.swift in Sources */,
				B10000000000000000000002 /* Models.swift in Sources */,
				B10000000000000000000003 /* DateBoundaries.swift in Sources */,
				B10000000000000000000004 /* UsageFormatting.swift in Sources */,
				B10000000000000000000005 /* WidgetCache.swift in Sources */,
				B10000000000000000000006 /* SnapshotRecordPayload.swift in Sources */,
				B10000000000000000000024 /* AccountabilityModels.swift in Sources */,
				B10000000000000000000026 /* BlockingModels.swift in Sources */,
				B10000000000000000000030 /* ScreenTimeReportStorage.swift in Sources */,
				B10000000000000000000007 /* AppConfiguration.swift in Sources */,
				B10000000000000000000008 /* AppModel.swift in Sources */,
				B10000000000000000000009 /* ScreenTimeSharingApp.swift in Sources */,
				B10000000000000000000010 /* LocalProfileStore.swift in Sources */,
				B10000000000000000000011 /* FamilyActivitySelectionStore.swift in Sources */,
				B10000000000000000000012 /* ScreenTimeProvider.swift in Sources */,
				B10000000000000000000013 /* DeviceActivityScreenTimeProvider.swift in Sources */,
				B10000000000000000000014 /* AppGroupWidgetCacheWriter.swift in Sources */,
				B10000000000000000000015 /* CloudKitUsageSnapshotStore.swift in Sources */,
				B10000000000000000000033 /* AppleSignInService.swift in Sources */,
				B10000000000000000000034 /* SubscriptionService.swift in Sources */,
				B10000000000000000000035 /* PushServerClient.swift in Sources */,
				B10000000000000000000016 /* CloudShareSheet.swift in Sources */,
				B10000000000000000000017 /* CloudKitShareAcceptance.swift in Sources */,
				B10000000000000000000027 /* BlockingSelectionCodec.swift in Sources */,
				B10000000000000000000028 /* BlockingEnforcementService.swift in Sources */,
				B10000000000000000000031 /* ScreenTimeReportContext.swift in Sources */,
				B10000000000000000000018 /* RootView.swift in Sources */,
				B10000000000000000000019 /* OnboardingView.swift in Sources */,
				B10000000000000000000020 /* DashboardView.swift in Sources */,
				B10000000000000000000021 /* FriendsView.swift in Sources */,
				B10000000000000000000025 /* StatsView.swift in Sources */,
				B10000000000000000000029 /* BlockingSettingsView.swift in Sources */,
				B10000000000000000000022 /* SettingsView.swift in Sources */,
				B10000000000000000000023 /* SharedViewBits.swift in Sources */,
				B10000000000000000000032 /* ScreenTimeReportBridgeView.swift in Sources */,
			);
			runOnlyForDeploymentPostprocessing = 0;
		};
		F10000000000000000000050 /* Sources */ = {
			isa = PBXSourcesBuildPhase;
			buildActionMask = 2147483647;
			files = (
				B50000000000000000000003 /* BlockingModels.swift in Sources */,
				B50000000000000000000004 /* ExtensionBlockingSupport.swift in Sources */,
				B50000000000000000000005 /* ScreenLogActivityMonitorExtension.swift in Sources */,
			);
			runOnlyForDeploymentPostprocessing = 0;
		};
		F20000000000000000000050 /* Sources */ = {
			isa = PBXSourcesBuildPhase;
			buildActionMask = 2147483647;
			files = (
				B60000000000000000000005 /* ScreenLogShieldActionExtension.swift in Sources */,
			);
			runOnlyForDeploymentPostprocessing = 0;
		};
		F30000000000000000000050 /* Sources */ = {
			isa = PBXSourcesBuildPhase;
			buildActionMask = 2147483647;
			files = (
				B70000000000000000000001 /* ScreenLogShieldConfigurationExtension.swift in Sources */,
			);
			runOnlyForDeploymentPostprocessing = 0;
		};
		F40000000000000000000050 /* Sources */ = {
			isa = PBXSourcesBuildPhase;
			buildActionMask = 2147483647;
			files = (
				B80000000000000000000001 /* CapabilityStatus.swift in Sources */,
				B80000000000000000000002 /* Models.swift in Sources */,
				B80000000000000000000003 /* DateBoundaries.swift in Sources */,
				B80000000000000000000007 /* AccountabilityModels.swift in Sources */,
				B80000000000000000000004 /* ScreenTimeReportStorage.swift in Sources */,
				B80000000000000000000005 /* ScreenLogDeviceActivityReportExtension.swift in Sources */,
				B80000000000000000000006 /* ScreenLogUsageReport.swift in Sources */,
			);
			runOnlyForDeploymentPostprocessing = 0;
		};
/* End PBXSourcesBuildPhase section */

/* Begin PBXTargetDependency section */
		F10000000000000000000031 /* PBXTargetDependency */ = {
			isa = PBXTargetDependency;
			target = F10000000000000000000040 /* ScreenLogActivityMonitorExtension */;
			targetProxy = F10000000000000000000030 /* PBXContainerItemProxy */;
		};
		F20000000000000000000031 /* PBXTargetDependency */ = {
			isa = PBXTargetDependency;
			target = F20000000000000000000040 /* ScreenLogShieldActionExtension */;
			targetProxy = F20000000000000000000030 /* PBXContainerItemProxy */;
		};
		F30000000000000000000031 /* PBXTargetDependency */ = {
			isa = PBXTargetDependency;
			target = F30000000000000000000040 /* ScreenLogShieldConfigurationExtension */;
			targetProxy = F30000000000000000000030 /* PBXContainerItemProxy */;
		};
		F40000000000000000000031 /* PBXTargetDependency */ = {
			isa = PBXTargetDependency;
			target = F40000000000000000000040 /* ScreenLogDeviceActivityReportExtension */;
			targetProxy = F40000000000000000000030 /* PBXContainerItemProxy */;
		};
/* End PBXTargetDependency section */

/* Begin XCBuildConfiguration section */
		A00000000000000000000091 /* Debug */ = {
			isa = XCBuildConfiguration;
			buildSettings = {
				ALWAYS_SEARCH_USER_PATHS = NO;
				ASSETCATALOG_COMPILER_GENERATE_SWIFT_ASSET_SYMBOL_EXTENSIONS = YES;
				CLANG_ANALYZER_NONNULL = YES;
				CLANG_ANALYZER_NUMBER_OBJECT_CONVERSION = YES_AGGRESSIVE;
				CLANG_CXX_LANGUAGE_STANDARD = "gnu++20";
				CLANG_ENABLE_MODULES = YES;
				CLANG_ENABLE_OBJC_ARC = YES;
				CLANG_ENABLE_OBJC_WEAK = YES;
				CLANG_WARN_BLOCK_CAPTURE_AUTORELEASING = YES;
				CLANG_WARN_BOOL_CONVERSION = YES;
				CLANG_WARN_COMMA = YES;
				CLANG_WARN_CONSTANT_CONVERSION = YES;
				CLANG_WARN_DEPRECATED_OBJC_IMPLEMENTATIONS = YES;
				CLANG_WARN_DIRECT_OBJC_ISA_USAGE = YES_ERROR;
				CLANG_WARN_DOCUMENTATION_COMMENTS = YES;
				CLANG_WARN_EMPTY_BODY = YES;
				CLANG_WARN_ENUM_CONVERSION = YES;
				CLANG_WARN_INFINITE_RECURSION = YES;
				CLANG_WARN_INT_CONVERSION = YES;
				CLANG_WARN_NON_LITERAL_NULL_CONVERSION = YES;
				CLANG_WARN_OBJC_IMPLICIT_RETAIN_SELF = YES;
				CLANG_WARN_OBJC_LITERAL_CONVERSION = YES;
				CLANG_WARN_OBJC_ROOT_CLASS = YES_ERROR;
				CLANG_WARN_QUOTED_INCLUDE_IN_FRAMEWORK_HEADER = YES;
				CLANG_WARN_RANGE_LOOP_ANALYSIS = YES;
				CLANG_WARN_STRICT_PROTOTYPES = YES;
				CLANG_WARN_SUSPICIOUS_MOVE = YES;
				CLANG_WARN_UNGUARDED_AVAILABILITY = YES_AGGRESSIVE;
				CLANG_WARN_UNREACHABLE_CODE = YES;
				CLANG_WARN__DUPLICATE_METHOD_MATCH = YES;
				COPY_PHASE_STRIP = NO;
				DEBUG_INFORMATION_FORMAT = dwarf;
				DEVELOPMENT_TEAM = 4944GXK8S2;
				ENABLE_STRICT_OBJC_MSGSEND = YES;
				ENABLE_TESTABILITY = YES;
				ENABLE_USER_SCRIPT_SANDBOXING = YES;
				GCC_C_LANGUAGE_STANDARD = gnu17;
				GCC_DYNAMIC_NO_PIC = NO;
				GCC_NO_COMMON_BLOCKS = YES;
				GCC_OPTIMIZATION_LEVEL = 0;
				GCC_PREPROCESSOR_DEFINITIONS = (
					"DEBUG=1",
					"$(inherited)",
				);
				GCC_WARN_64_TO_32_BIT_CONVERSION = YES;
				GCC_WARN_ABOUT_RETURN_TYPE = YES_ERROR;
				GCC_WARN_UNDECLARED_SELECTOR = YES;
				GCC_WARN_UNINITIALIZED_AUTOS = YES_AGGRESSIVE;
				GCC_WARN_UNUSED_FUNCTION = YES;
				GCC_WARN_UNUSED_VARIABLE = YES;
				IPHONEOS_DEPLOYMENT_TARGET = 18.0;
				MTL_ENABLE_DEBUG_INFO = INCLUDE_SOURCE;
				MTL_FAST_MATH = YES;
				ONLY_ACTIVE_ARCH = YES;
				SDKROOT = iphoneos;
				STRING_CATALOG_GENERATE_SYMBOLS = YES;
				SWIFT_ACTIVE_COMPILATION_CONDITIONS = "DEBUG DENY_INTERNAL_DEBUG";
				SWIFT_OPTIMIZATION_LEVEL = "-Onone";
			};
			name = Debug;
		};
		A00000000000000000000092 /* Release */ = {
			isa = XCBuildConfiguration;
			buildSettings = {
				ALWAYS_SEARCH_USER_PATHS = NO;
				ASSETCATALOG_COMPILER_GENERATE_SWIFT_ASSET_SYMBOL_EXTENSIONS = YES;
				CLANG_ANALYZER_NONNULL = YES;
				CLANG_ANALYZER_NUMBER_OBJECT_CONVERSION = YES_AGGRESSIVE;
				CLANG_CXX_LANGUAGE_STANDARD = "gnu++20";
				CLANG_ENABLE_MODULES = YES;
				CLANG_ENABLE_OBJC_ARC = YES;
				CLANG_ENABLE_OBJC_WEAK = YES;
				CLANG_WARN_BLOCK_CAPTURE_AUTORELEASING = YES;
				CLANG_WARN_BOOL_CONVERSION = YES;
				CLANG_WARN_COMMA = YES;
				CLANG_WARN_CONSTANT_CONVERSION = YES;
				CLANG_WARN_DEPRECATED_OBJC_IMPLEMENTATIONS = YES;
				CLANG_WARN_DIRECT_OBJC_ISA_USAGE = YES_ERROR;
				CLANG_WARN_DOCUMENTATION_COMMENTS = YES;
				CLANG_WARN_EMPTY_BODY = YES;
				CLANG_WARN_ENUM_CONVERSION = YES;
				CLANG_WARN_INFINITE_RECURSION = YES;
				CLANG_WARN_INT_CONVERSION = YES;
				CLANG_WARN_NON_LITERAL_NULL_CONVERSION = YES;
				CLANG_WARN_OBJC_IMPLICIT_RETAIN_SELF = YES;
				CLANG_WARN_OBJC_LITERAL_CONVERSION = YES;
				CLANG_WARN_OBJC_ROOT_CLASS = YES_ERROR;
				CLANG_WARN_QUOTED_INCLUDE_IN_FRAMEWORK_HEADER = YES;
				CLANG_WARN_RANGE_LOOP_ANALYSIS = YES;
				CLANG_WARN_STRICT_PROTOTYPES = YES;
				CLANG_WARN_SUSPICIOUS_MOVE = YES;
				CLANG_WARN_UNGUARDED_AVAILABILITY = YES_AGGRESSIVE;
				CLANG_WARN_UNREACHABLE_CODE = YES;
				CLANG_WARN__DUPLICATE_METHOD_MATCH = YES;
				COPY_PHASE_STRIP = NO;
				DEBUG_INFORMATION_FORMAT = "dwarf-with-dsym";
				DEVELOPMENT_TEAM = 4944GXK8S2;
				ENABLE_NS_ASSERTIONS = NO;
				ENABLE_STRICT_OBJC_MSGSEND = YES;
				ENABLE_USER_SCRIPT_SANDBOXING = YES;
				GCC_C_LANGUAGE_STANDARD = gnu17;
				GCC_NO_COMMON_BLOCKS = YES;
				GCC_WARN_64_TO_32_BIT_CONVERSION = YES;
				GCC_WARN_ABOUT_RETURN_TYPE = YES_ERROR;
				GCC_WARN_UNDECLARED_SELECTOR = YES;
				GCC_WARN_UNINITIALIZED_AUTOS = YES_AGGRESSIVE;
				GCC_WARN_UNUSED_FUNCTION = YES;
				GCC_WARN_UNUSED_VARIABLE = YES;
				IPHONEOS_DEPLOYMENT_TARGET = 18.0;
				MTL_ENABLE_DEBUG_INFO = NO;
				MTL_FAST_MATH = YES;
				SDKROOT = iphoneos;
				STRING_CATALOG_GENERATE_SYMBOLS = YES;
				SWIFT_COMPILATION_MODE = wholemodule;
				SWIFT_OPTIMIZATION_LEVEL = "-O";
				VALIDATE_PRODUCT = YES;
			};
			name = Release;
		};
		A00000000000000000000094 /* Debug */ = {
			isa = XCBuildConfiguration;
			buildSettings = {
				ASSETCATALOG_COMPILER_APPICON_NAME = AppIcon;
				CODE_SIGN_ENTITLEMENTS = ScreenTimeSharing/ScreenTimeSharing.entitlements;
				CODE_SIGN_STYLE = Automatic;
				CURRENT_PROJECT_VERSION = 202605312213;
				DEVELOPMENT_ASSET_PATHS = "";
				GENERATE_INFOPLIST_FILE = NO;
				INFOPLIST_FILE = ScreenTimeSharing/Info.plist;
				LD_RUNPATH_SEARCH_PATHS = (
					"$(inherited)",
					"@executable_path/Frameworks",
				);
				MARKETING_VERSION = 1.0;
				PRODUCT_BUNDLE_IDENTIFIER = com.jdco.ScreenTimeSharing;
				PRODUCT_NAME = ScreenTimeSharing;
				SWIFT_EMIT_LOC_STRINGS = YES;
				SWIFT_VERSION = 6.0;
				TARGETED_DEVICE_FAMILY = 1;
			};
			name = Debug;
		};
		A00000000000000000000095 /* Release */ = {
			isa = XCBuildConfiguration;
			buildSettings = {
				ASSETCATALOG_COMPILER_APPICON_NAME = AppIcon;
				CODE_SIGN_ENTITLEMENTS = ScreenTimeSharing/ScreenTimeSharing.entitlements;
				CODE_SIGN_STYLE = Automatic;
				CURRENT_PROJECT_VERSION = 202605312213;
				DEVELOPMENT_ASSET_PATHS = "";
				GENERATE_INFOPLIST_FILE = NO;
				INFOPLIST_FILE = ScreenTimeSharing/Info.plist;
				LD_RUNPATH_SEARCH_PATHS = (
					"$(inherited)",
					"@executable_path/Frameworks",
				);
				MARKETING_VERSION = 1.0;
				PRODUCT_BUNDLE_IDENTIFIER = com.jdco.ScreenTimeSharing;
				PRODUCT_NAME = ScreenTimeSharing;
				SWIFT_EMIT_LOC_STRINGS = YES;
				SWIFT_VERSION = 6.0;
				TARGETED_DEVICE_FAMILY = 1;
			};
			name = Release;
		};
		F10000000000000000000091 /* Debug */ = {
			isa = XCBuildConfiguration;
			buildSettings = {
				APPLICATION_EXTENSION_API_ONLY = YES;
				CODE_SIGN_ENTITLEMENTS = ScreenLogActivityMonitorExtension/ScreenLogActivityMonitorExtension.entitlements;
				CODE_SIGN_STYLE = Automatic;
				CURRENT_PROJECT_VERSION = 202605312213;
				GENERATE_INFOPLIST_FILE = NO;
				INFOPLIST_FILE = ScreenLogActivityMonitorExtension/Info.plist;
				LD_RUNPATH_SEARCH_PATHS = (
					"$(inherited)",
					"@executable_path/Frameworks",
					"@executable_path/../../Frameworks",
				);
				MARKETING_VERSION = 1.0;
				PRODUCT_BUNDLE_IDENTIFIER = com.jdco.ScreenTimeSharing.ActivityMonitor;
				PRODUCT_NAME = ScreenLogActivityMonitorExtension;
				SKIP_INSTALL = YES;
				SWIFT_EMIT_LOC_STRINGS = YES;
				SWIFT_VERSION = 6.0;
				TARGETED_DEVICE_FAMILY = 1;
			};
			name = Debug;
		};
		F10000000000000000000092 /* Release */ = {
			isa = XCBuildConfiguration;
			buildSettings = {
				APPLICATION_EXTENSION_API_ONLY = YES;
				CODE_SIGN_ENTITLEMENTS = ScreenLogActivityMonitorExtension/ScreenLogActivityMonitorExtension.entitlements;
				CODE_SIGN_STYLE = Automatic;
				CURRENT_PROJECT_VERSION = 202605312213;
				GENERATE_INFOPLIST_FILE = NO;
				INFOPLIST_FILE = ScreenLogActivityMonitorExtension/Info.plist;
				LD_RUNPATH_SEARCH_PATHS = (
					"$(inherited)",
					"@executable_path/Frameworks",
					"@executable_path/../../Frameworks",
				);
				MARKETING_VERSION = 1.0;
				PRODUCT_BUNDLE_IDENTIFIER = com.jdco.ScreenTimeSharing.ActivityMonitor;
				PRODUCT_NAME = ScreenLogActivityMonitorExtension;
				SKIP_INSTALL = YES;
				SWIFT_EMIT_LOC_STRINGS = YES;
				SWIFT_VERSION = 6.0;
				TARGETED_DEVICE_FAMILY = 1;
			};
			name = Release;
		};
		F20000000000000000000091 /* Debug */ = {
			isa = XCBuildConfiguration;
			buildSettings = {
				APPLICATION_EXTENSION_API_ONLY = YES;
				CODE_SIGN_ENTITLEMENTS = ScreenLogShieldActionExtension/ScreenLogShieldActionExtension.entitlements;
				CODE_SIGN_STYLE = Automatic;
				CURRENT_PROJECT_VERSION = 202605312213;
				ENABLE_DEBUG_DYLIB = NO;
				GCC_OPTIMIZATION_LEVEL = s;
				GENERATE_INFOPLIST_FILE = NO;
				INFOPLIST_FILE = ScreenLogShieldActionExtension/Info.plist;
				LD_RUNPATH_SEARCH_PATHS = (
					"$(inherited)",
					"@executable_path/Frameworks",
					"@executable_path/../../Frameworks",
				);
				MARKETING_VERSION = 1.0;
				PRODUCT_BUNDLE_IDENTIFIER = com.jdco.ScreenTimeSharing.ShieldAction;
				PRODUCT_NAME = ScreenLogShieldActionExtension;
				SKIP_INSTALL = YES;
				SWIFT_COMPILATION_MODE = wholemodule;
				SWIFT_EMIT_LOC_STRINGS = YES;
				SWIFT_OPTIMIZATION_LEVEL = "-Osize";
				SWIFT_VERSION = 6.0;
				TARGETED_DEVICE_FAMILY = 1;
			};
			name = Debug;
		};
		F20000000000000000000092 /* Release */ = {
			isa = XCBuildConfiguration;
			buildSettings = {
				APPLICATION_EXTENSION_API_ONLY = YES;
				CODE_SIGN_ENTITLEMENTS = ScreenLogShieldActionExtension/ScreenLogShieldActionExtension.entitlements;
				CODE_SIGN_STYLE = Automatic;
				CURRENT_PROJECT_VERSION = 202605312213;
				ENABLE_DEBUG_DYLIB = NO;
				GENERATE_INFOPLIST_FILE = NO;
				INFOPLIST_FILE = ScreenLogShieldActionExtension/Info.plist;
				LD_RUNPATH_SEARCH_PATHS = (
					"$(inherited)",
					"@executable_path/Frameworks",
					"@executable_path/../../Frameworks",
				);
				MARKETING_VERSION = 1.0;
				PRODUCT_BUNDLE_IDENTIFIER = com.jdco.ScreenTimeSharing.ShieldAction;
				PRODUCT_NAME = ScreenLogShieldActionExtension;
				SKIP_INSTALL = YES;
				SWIFT_EMIT_LOC_STRINGS = YES;
				SWIFT_VERSION = 6.0;
				TARGETED_DEVICE_FAMILY = 1;
			};
			name = Release;
		};
		F30000000000000000000091 /* Debug */ = {
			isa = XCBuildConfiguration;
			buildSettings = {
				APPLICATION_EXTENSION_API_ONLY = YES;
				CODE_SIGN_ENTITLEMENTS = ScreenLogShieldConfigurationExtension/ScreenLogShieldConfigurationExtension.entitlements;
				CODE_SIGN_STYLE = Automatic;
				CURRENT_PROJECT_VERSION = 202605312213;
				ENABLE_DEBUG_DYLIB = NO;
				GCC_OPTIMIZATION_LEVEL = s;
				GENERATE_INFOPLIST_FILE = NO;
				INFOPLIST_FILE = ScreenLogShieldConfigurationExtension/Info.plist;
				LD_RUNPATH_SEARCH_PATHS = (
					"$(inherited)",
					"@executable_path/Frameworks",
					"@executable_path/../../Frameworks",
				);
				MARKETING_VERSION = 1.0;
				PRODUCT_BUNDLE_IDENTIFIER = com.jdco.ScreenTimeSharing.ShieldConfiguration;
				PRODUCT_NAME = ScreenLogShieldConfigurationExtension;
				SKIP_INSTALL = YES;
				SWIFT_COMPILATION_MODE = wholemodule;
				SWIFT_EMIT_LOC_STRINGS = YES;
				SWIFT_OPTIMIZATION_LEVEL = "-Osize";
				SWIFT_VERSION = 6.0;
				TARGETED_DEVICE_FAMILY = 1;
			};
			name = Debug;
		};
		F30000000000000000000092 /* Release */ = {
			isa = XCBuildConfiguration;
			buildSettings = {
				APPLICATION_EXTENSION_API_ONLY = YES;
				CODE_SIGN_ENTITLEMENTS = ScreenLogShieldConfigurationExtension/ScreenLogShieldConfigurationExtension.entitlements;
				CODE_SIGN_STYLE = Automatic;
				CURRENT_PROJECT_VERSION = 202605312213;
				ENABLE_DEBUG_DYLIB = NO;
				GENERATE_INFOPLIST_FILE = NO;
				INFOPLIST_FILE = ScreenLogShieldConfigurationExtension/Info.plist;
				LD_RUNPATH_SEARCH_PATHS = (
					"$(inherited)",
					"@executable_path/Frameworks",
					"@executable_path/../../Frameworks",
				);
				MARKETING_VERSION = 1.0;
				PRODUCT_BUNDLE_IDENTIFIER = com.jdco.ScreenTimeSharing.ShieldConfiguration;
				PRODUCT_NAME = ScreenLogShieldConfigurationExtension;
				SKIP_INSTALL = YES;
				SWIFT_EMIT_LOC_STRINGS = YES;
				SWIFT_VERSION = 6.0;
				TARGETED_DEVICE_FAMILY = 1;
			};
			name = Release;
		};
		F40000000000000000000091 /* Debug */ = {
			isa = XCBuildConfiguration;
			buildSettings = {
				APPLICATION_EXTENSION_API_ONLY = YES;
				CODE_SIGN_ENTITLEMENTS = ScreenLogDeviceActivityReportExtension/ScreenLogDeviceActivityReportExtension.entitlements;
				CODE_SIGN_STYLE = Automatic;
				CURRENT_PROJECT_VERSION = 202605312213;
				GENERATE_INFOPLIST_FILE = NO;
				INFOPLIST_FILE = ScreenLogDeviceActivityReportExtension/Info.plist;
				LD_RUNPATH_SEARCH_PATHS = (
					"$(inherited)",
					"@executable_path/Frameworks",
					"@executable_path/../../Frameworks",
				);
				MARKETING_VERSION = 1.0;
				PRODUCT_BUNDLE_IDENTIFIER = com.jdco.ScreenTimeSharing.ActivityReport;
				PRODUCT_NAME = ScreenLogDeviceActivityReportExtension;
				SKIP_INSTALL = YES;
				SWIFT_EMIT_LOC_STRINGS = YES;
				SWIFT_VERSION = 5.0;
				TARGETED_DEVICE_FAMILY = 1;
			};
			name = Debug;
		};
		F40000000000000000000092 /* Release */ = {
			isa = XCBuildConfiguration;
			buildSettings = {
				APPLICATION_EXTENSION_API_ONLY = YES;
				CODE_SIGN_ENTITLEMENTS = ScreenLogDeviceActivityReportExtension/ScreenLogDeviceActivityReportExtension.entitlements;
				CODE_SIGN_STYLE = Automatic;
				CURRENT_PROJECT_VERSION = 202605312213;
				GENERATE_INFOPLIST_FILE = NO;
				INFOPLIST_FILE = ScreenLogDeviceActivityReportExtension/Info.plist;
				LD_RUNPATH_SEARCH_PATHS = (
					"$(inherited)",
					"@executable_path/Frameworks",
					"@executable_path/../../Frameworks",
				);
				MARKETING_VERSION = 1.0;
				PRODUCT_BUNDLE_IDENTIFIER = com.jdco.ScreenTimeSharing.ActivityReport;
				PRODUCT_NAME = ScreenLogDeviceActivityReportExtension;
				SKIP_INSTALL = YES;
				SWIFT_EMIT_LOC_STRINGS = YES;
				SWIFT_VERSION = 5.0;
				TARGETED_DEVICE_FAMILY = 1;
			};
			name = Release;
		};
/* End XCBuildConfiguration section */

/* Begin XCConfigurationList section */
		A00000000000000000000090 /* Build configuration list for PBXProject "ScreenTimeSharing" */ = {
			isa = XCConfigurationList;
			buildConfigurations = (
				A00000000000000000000091 /* Debug */,
				A00000000000000000000092 /* Release */,
			);
			defaultConfigurationIsVisible = 0;
			defaultConfigurationName = Release;
		};
		A00000000000000000000093 /* Build configuration list for PBXNativeTarget "ScreenTimeSharing" */ = {
			isa = XCConfigurationList;
			buildConfigurations = (
				A00000000000000000000094 /* Debug */,
				A00000000000000000000095 /* Release */,
			);
			defaultConfigurationIsVisible = 0;
			defaultConfigurationName = Release;
		};
		F10000000000000000000090 /* Build configuration list for PBXNativeTarget "ScreenLogActivityMonitorExtension" */ = {
			isa = XCConfigurationList;
			buildConfigurations = (
				F10000000000000000000091 /* Debug */,
				F10000000000000000000092 /* Release */,
			);
			defaultConfigurationIsVisible = 0;
			defaultConfigurationName = Release;
		};
		F20000000000000000000090 /* Build configuration list for PBXNativeTarget "ScreenLogShieldActionExtension" */ = {
			isa = XCConfigurationList;
			buildConfigurations = (
				F20000000000000000000091 /* Debug */,
				F20000000000000000000092 /* Release */,
			);
			defaultConfigurationIsVisible = 0;
			defaultConfigurationName = Release;
		};
		F30000000000000000000090 /* Build configuration list for PBXNativeTarget "ScreenLogShieldConfigurationExtension" */ = {
			isa = XCConfigurationList;
			buildConfigurations = (
				F30000000000000000000091 /* Debug */,
				F30000000000000000000092 /* Release */,
			);
			defaultConfigurationIsVisible = 0;
			defaultConfigurationName = Release;
		};
		F40000000000000000000090 /* Build configuration list for PBXNativeTarget "ScreenLogDeviceActivityReportExtension" */ = {
			isa = XCConfigurationList;
			buildConfigurations = (
				F40000000000000000000091 /* Debug */,
				F40000000000000000000092 /* Release */,
			);
			defaultConfigurationIsVisible = 0;
			defaultConfigurationName = Release;
		};
/* End XCConfigurationList section */
	};
	rootObject = A00000000000000000000001 /* Project object */;
}
