// !$*UTF8*$!
{
	archiveVersion = 1;
	classes = {
	};
	objectVersion = 56;
	objects = {

/* Begin PBXBuildFile section */
		B10000000000000000000001 /* CapabilityStatus.swift in Sources */ = {isa = PBXBuildFile; fileRef = C00000000000000000000001 /* CapabilityStatus.swift */; };
		B10000000000000000000002 /* Models.swift in Sources */ = {isa = PBXBuildFile; fileRef = C00000000000000000000002 /* Models.swift */; };
		B10000000000000000000003 /* DateBoundaries.swift in Sources */ = {isa = PBXBuildFile; fileRef = C00000000000000000000003 /* DateBoundaries.swift */; };
		B10000000000000000000004 /* UsageFormatting.swift in Sources */ = {isa = PBXBuildFile; fileRef = C00000000000000000000004 /* UsageFormatting.swift */; };
		B10000000000000000000005 /* WidgetCache.swift in Sources */ = {isa = PBXBuildFile; fileRef = C00000000000000000000005 /* WidgetCache.swift */; };
		B10000000000000000000006 /* SnapshotRecordPayload.swift in Sources */ = {isa = PBXBuildFile; fileRef = C00000000000000000000006 /* SnapshotRecordPayload.swift */; };
		B10000000000000000000007 /* AppConfiguration.swift in Sources */ = {isa = PBXBuildFile; fileRef = D00000000000000000000001 /* AppConfiguration.swift */; };
		B10000000000000000000008 /* AppModel.swift in Sources */ = {isa = PBXBuildFile; fileRef = D00000000000000000000002 /* AppModel.swift */; };
		B10000000000000000000009 /* ScreenTimeSharingApp.swift in Sources */ = {isa = PBXBuildFile; fileRef = D00000000000000000000003 /* ScreenTimeSharingApp.swift */; };
		B10000000000000000000010 /* LocalProfileStore.swift in Sources */ = {isa = PBXBuildFile; fileRef = D00000000000000000000007 /* LocalProfileStore.swift */; };
		B10000000000000000000011 /* FamilyActivitySelectionStore.swift in Sources */ = {isa = PBXBuildFile; fileRef = D00000000000000000000008 /* FamilyActivitySelectionStore.swift */; };
		B10000000000000000000012 /* ScreenTimeProvider.swift in Sources */ = {isa = PBXBuildFile; fileRef = D00000000000000000000009 /* ScreenTimeProvider.swift */; };
		B10000000000000000000013 /* DeviceActivityScreenTimeProvider.swift in Sources */ = {isa = PBXBuildFile; fileRef = D00000000000000000000010 /* DeviceActivityScreenTimeProvider.swift */; };
		B10000000000000000000014 /* AppGroupWidgetCacheWriter.swift in Sources */ = {isa = PBXBuildFile; fileRef = D00000000000000000000011 /* AppGroupWidgetCacheWriter.swift */; };
		B10000000000000000000015 /* CloudKitUsageSnapshotStore.swift in Sources */ = {isa = PBXBuildFile; fileRef = D00000000000000000000012 /* CloudKitUsageSnapshotStore.swift */; };
		B10000000000000000000016 /* CloudShareSheet.swift in Sources */ = {isa = PBXBuildFile; fileRef = D00000000000000000000013 /* CloudShareSheet.swift */; };
		B10000000000000000000017 /* CloudKitShareAcceptance.swift in Sources */ = {isa = PBXBuildFile; fileRef = D00000000000000000000014 /* CloudKitShareAcceptance.swift */; };
		B10000000000000000000018 /* RootView.swift in Sources */ = {isa = PBXBuildFile; fileRef = D00000000000000000000015 /* RootView.swift */; };
		B10000000000000000000019 /* OnboardingView.swift in Sources */ = {isa = PBXBuildFile; fileRef = D00000000000000000000016 /* OnboardingView.swift */; };
		B10000000000000000000020 /* DashboardView.swift in Sources */ = {isa = PBXBuildFile; fileRef = D00000000000000000000017 /* DashboardView.swift */; };
		B10000000000000000000021 /* FriendsView.swift in Sources */ = {isa = PBXBuildFile; fileRef = D00000000000000000000018 /* FriendsView.swift */; };
		B10000000000000000000022 /* SettingsView.swift in Sources */ = {isa = PBXBuildFile; fileRef = D00000000000000000000019 /* SettingsView.swift */; };
		B10000000000000000000023 /* SharedViewBits.swift in Sources */ = {isa = PBXBuildFile; fileRef = D00000000000000000000020 /* SharedViewBits.swift */; };
		B20000000000000000000001 /* CapabilityStatus.swift in Sources */ = {isa = PBXBuildFile; fileRef = C00000000000000000000001 /* CapabilityStatus.swift */; };
		B20000000000000000000002 /* Models.swift in Sources */ = {isa = PBXBuildFile; fileRef = C00000000000000000000002 /* Models.swift */; };
		B20000000000000000000003 /* DateBoundaries.swift in Sources */ = {isa = PBXBuildFile; fileRef = C00000000000000000000003 /* DateBoundaries.swift */; };
		B20000000000000000000004 /* UsageFormatting.swift in Sources */ = {isa = PBXBuildFile; fileRef = C00000000000000000000004 /* UsageFormatting.swift */; };
		B20000000000000000000005 /* WidgetCache.swift in Sources */ = {isa = PBXBuildFile; fileRef = C00000000000000000000005 /* WidgetCache.swift */; };
		B20000000000000000000006 /* SnapshotRecordPayload.swift in Sources */ = {isa = PBXBuildFile; fileRef = C00000000000000000000006 /* SnapshotRecordPayload.swift */; };
		B20000000000000000000007 /* WidgetCacheReader.swift in Sources */ = {isa = PBXBuildFile; fileRef = E00000000000000000000001 /* WidgetCacheReader.swift */; };
		B20000000000000000000008 /* WidgetFriendConfiguration.swift in Sources */ = {isa = PBXBuildFile; fileRef = E00000000000000000000002 /* WidgetFriendConfiguration.swift */; };
		B20000000000000000000009 /* FriendUsageWidget.swift in Sources */ = {isa = PBXBuildFile; fileRef = E00000000000000000000003 /* FriendUsageWidget.swift */; };
		B20000000000000000000010 /* ScreenTimeSharingWidgetBundle.swift in Sources */ = {isa = PBXBuildFile; fileRef = E00000000000000000000004 /* ScreenTimeSharingWidgetBundle.swift */; };
		B30000000000000000000001 /* Assets.xcassets in Resources */ = {isa = PBXBuildFile; fileRef = D00000000000000000000006 /* Assets.xcassets */; };
		B40000000000000000000001 /* ScreenTimeSharingWidget.appex in Embed App Extensions */ = {isa = PBXBuildFile; fileRef = A00000000000000000000013 /* ScreenTimeSharingWidget.appex */; settings = {ATTRIBUTES = (CodeSignOnCopy, RemoveHeadersOnCopy, ); }; };
/* End PBXBuildFile section */

/* Begin PBXContainerItemProxy section */
		A00000000000000000000022 /* PBXContainerItemProxy */ = {
			isa = PBXContainerItemProxy;
			containerPortal = A00000000000000000000001 /* Project object */;
			proxyType = 1;
			remoteGlobalIDString = A00000000000000000000011;
			remoteInfo = ScreenTimeSharingWidget;
		};
/* End PBXContainerItemProxy section */

/* Begin PBXCopyFilesBuildPhase section */
		A00000000000000000000017 /* Embed App Extensions */ = {
			isa = PBXCopyFilesBuildPhase;
			buildActionMask = 2147483647;
			dstPath = "";
			dstSubfolderSpec = 13;
			files = (
				B40000000000000000000001 /* ScreenTimeSharingWidget.appex in Embed App Extensions */,
			);
			name = "Embed App Extensions";
			runOnlyForDeploymentPostprocessing = 0;
		};
/* End PBXCopyFilesBuildPhase section */

/* Begin PBXFileReference section */
		A00000000000000000000012 /* ScreenTimeSharing.app */ = {isa = PBXFileReference; explicitFileType = wrapper.application; includeInIndex = 0; path = ScreenTimeSharing.app; sourceTree = BUILT_PRODUCTS_DIR; };
		A00000000000000000000013 /* ScreenTimeSharingWidget.appex */ = {isa = PBXFileReference; explicitFileType = "wrapper.app-extension"; includeInIndex = 0; path = ScreenTimeSharingWidget.appex; sourceTree = BUILT_PRODUCTS_DIR; };
		C00000000000000000000001 /* CapabilityStatus.swift */ = {isa = PBXFileReference; lastKnownFileType = sourcecode.swift; path = CapabilityStatus.swift; sourceTree = "<group>"; };
		C00000000000000000000002 /* Models.swift */ = {isa = PBXFileReference; lastKnownFileType = sourcecode.swift; path = Models.swift; sourceTree = "<group>"; };
		C00000000000000000000003 /* DateBoundaries.swift */ = {isa = PBXFileReference; lastKnownFileType = sourcecode.swift; path = DateBoundaries.swift; sourceTree = "<group>"; };
		C00000000000000000000004 /* UsageFormatting.swift */ = {isa = PBXFileReference; lastKnownFileType = sourcecode.swift; path = UsageFormatting.swift; sourceTree = "<group>"; };
		C00000000000000000000005 /* WidgetCache.swift */ = {isa = PBXFileReference; lastKnownFileType = sourcecode.swift; path = WidgetCache.swift; sourceTree = "<group>"; };
		C00000000000000000000006 /* SnapshotRecordPayload.swift */ = {isa = PBXFileReference; lastKnownFileType = sourcecode.swift; path = SnapshotRecordPayload.swift; sourceTree = "<group>"; };
		D00000000000000000000001 /* AppConfiguration.swift */ = {isa = PBXFileReference; lastKnownFileType = sourcecode.swift; path = AppConfiguration.swift; sourceTree = "<group>"; };
		D00000000000000000000002 /* AppModel.swift */ = {isa = PBXFileReference; lastKnownFileType = sourcecode.swift; path = AppModel.swift; sourceTree = "<group>"; };
		D00000000000000000000003 /* ScreenTimeSharingApp.swift */ = {isa = PBXFileReference; lastKnownFileType = sourcecode.swift; path = ScreenTimeSharingApp.swift; sourceTree = "<group>"; };
		D00000000000000000000004 /* Info.plist */ = {isa = PBXFileReference; lastKnownFileType = text.plist.xml; path = Info.plist; sourceTree = "<group>"; };
		D00000000000000000000005 /* ScreenTimeSharing.entitlements */ = {isa = PBXFileReference; lastKnownFileType = text.plist.entitlements; path = ScreenTimeSharing.entitlements; sourceTree = "<group>"; };
		D00000000000000000000006 /* Assets.xcassets */ = {isa = PBXFileReference; lastKnownFileType = folder.assetcatalog; path = Resources/Assets.xcassets; sourceTree = "<group>"; };
		D00000000000000000000007 /* LocalProfileStore.swift */ = {isa = PBXFileReference; lastKnownFileType = sourcecode.swift; path = LocalProfileStore.swift; sourceTree = "<group>"; };
		D00000000000000000000008 /* FamilyActivitySelectionStore.swift */ = {isa = PBXFileReference; lastKnownFileType = sourcecode.swift; path = FamilyActivitySelectionStore.swift; sourceTree = "<group>"; };
		D00000000000000000000009 /* ScreenTimeProvider.swift */ = {isa = PBXFileReference; lastKnownFileType = sourcecode.swift; path = ScreenTimeProvider.swift; sourceTree = "<group>"; };
		D00000000000000000000010 /* DeviceActivityScreenTimeProvider.swift */ = {isa = PBXFileReference; lastKnownFileType = sourcecode.swift; path = DeviceActivityScreenTimeProvider.swift; sourceTree = "<group>"; };
		D00000000000000000000011 /* AppGroupWidgetCacheWriter.swift */ = {isa = PBXFileReference; lastKnownFileType = sourcecode.swift; path = AppGroupWidgetCacheWriter.swift; sourceTree = "<group>"; };
		D00000000000000000000012 /* CloudKitUsageSnapshotStore.swift */ = {isa = PBXFileReference; lastKnownFileType = sourcecode.swift; path = CloudKitUsageSnapshotStore.swift; sourceTree = "<group>"; };
		D00000000000000000000013 /* CloudShareSheet.swift */ = {isa = PBXFileReference; lastKnownFileType = sourcecode.swift; path = CloudShareSheet.swift; sourceTree = "<group>"; };
		D00000000000000000000014 /* CloudKitShareAcceptance.swift */ = {isa = PBXFileReference; lastKnownFileType = sourcecode.swift; path = CloudKitShareAcceptance.swift; sourceTree = "<group>"; };
		D00000000000000000000015 /* RootView.swift */ = {isa = PBXFileReference; lastKnownFileType = sourcecode.swift; path = RootView.swift; sourceTree = "<group>"; };
		D00000000000000000000016 /* OnboardingView.swift */ = {isa = PBXFileReference; lastKnownFileType = sourcecode.swift; path = OnboardingView.swift; sourceTree = "<group>"; };
		D00000000000000000000017 /* DashboardView.swift */ = {isa = PBXFileReference; lastKnownFileType = sourcecode.swift; path = DashboardView.swift; sourceTree = "<group>"; };
		D00000000000000000000018 /* FriendsView.swift */ = {isa = PBXFileReference; lastKnownFileType = sourcecode.swift; path = FriendsView.swift; sourceTree = "<group>"; };
		D00000000000000000000019 /* SettingsView.swift */ = {isa = PBXFileReference; lastKnownFileType = sourcecode.swift; path = SettingsView.swift; sourceTree = "<group>"; };
		D00000000000000000000020 /* SharedViewBits.swift */ = {isa = PBXFileReference; lastKnownFileType = sourcecode.swift; path = SharedViewBits.swift; sourceTree = "<group>"; };
		E00000000000000000000001 /* WidgetCacheReader.swift */ = {isa = PBXFileReference; lastKnownFileType = sourcecode.swift; path = WidgetCacheReader.swift; sourceTree = "<group>"; };
		E00000000000000000000002 /* WidgetFriendConfiguration.swift */ = {isa = PBXFileReference; lastKnownFileType = sourcecode.swift; path = WidgetFriendConfiguration.swift; sourceTree = "<group>"; };
		E00000000000000000000003 /* FriendUsageWidget.swift */ = {isa = PBXFileReference; lastKnownFileType = sourcecode.swift; path = FriendUsageWidget.swift; sourceTree = "<group>"; };
		E00000000000000000000004 /* ScreenTimeSharingWidgetBundle.swift */ = {isa = PBXFileReference; lastKnownFileType = sourcecode.swift; path = ScreenTimeSharingWidgetBundle.swift; sourceTree = "<group>"; };
		E00000000000000000000005 /* Info.plist */ = {isa = PBXFileReference; lastKnownFileType = text.plist.xml; path = Info.plist; sourceTree = "<group>"; };
		E00000000000000000000006 /* ScreenTimeSharingWidget.entitlements */ = {isa = PBXFileReference; lastKnownFileType = text.plist.entitlements; path = ScreenTimeSharingWidget.entitlements; sourceTree = "<group>"; };
/* End PBXFileReference section */

/* Begin PBXFrameworksBuildPhase section */
		A00000000000000000000015 /* Frameworks */ = {
			isa = PBXFrameworksBuildPhase;
			buildActionMask = 2147483647;
			files = (
			);
			runOnlyForDeploymentPostprocessing = 0;
		};
		A00000000000000000000019 /* Frameworks */ = {
			isa = PBXFrameworksBuildPhase;
			buildActionMask = 2147483647;
			files = (
			);
			runOnlyForDeploymentPostprocessing = 0;
		};
/* End PBXFrameworksBuildPhase section */

/* Begin PBXGroup section */
		A00000000000000000000002 = {
			isa = PBXGroup;
			children = (
				A00000000000000000000004 /* ScreenTimeSharing */,
				A00000000000000000000005 /* ScreenTimeSharingWidget */,
				A00000000000000000000006 /* ScreenTimeSharingCore */,
				A00000000000000000000003 /* Products */,
			);
			sourceTree = "<group>";
		};
		A00000000000000000000003 /* Products */ = {
			isa = PBXGroup;
			children = (
				A00000000000000000000012 /* ScreenTimeSharing.app */,
				A00000000000000000000013 /* ScreenTimeSharingWidget.appex */,
			);
			name = Products;
			sourceTree = "<group>";
		};
		A00000000000000000000004 /* ScreenTimeSharing */ = {
			isa = PBXGroup;
			children = (
				D00000000000000000000001 /* AppConfiguration.swift */,
				D00000000000000000000002 /* AppModel.swift */,
				D00000000000000000000003 /* ScreenTimeSharingApp.swift */,
				A00000000000000000000007 /* Services */,
				A00000000000000000000008 /* Views */,
				D00000000000000000000006 /* Assets.xcassets */,
				D00000000000000000000004 /* Info.plist */,
				D00000000000000000000005 /* ScreenTimeSharing.entitlements */,
			);
			path = ScreenTimeSharing;
			sourceTree = "<group>";
		};
		A00000000000000000000005 /* ScreenTimeSharingWidget */ = {
			isa = PBXGroup;
			children = (
				E00000000000000000000001 /* WidgetCacheReader.swift */,
				E00000000000000000000002 /* WidgetFriendConfiguration.swift */,
				E00000000000000000000003 /* FriendUsageWidget.swift */,
				E00000000000000000000004 /* ScreenTimeSharingWidgetBundle.swift */,
				E00000000000000000000005 /* Info.plist */,
				E00000000000000000000006 /* ScreenTimeSharingWidget.entitlements */,
			);
			path = ScreenTimeSharingWidget;
			sourceTree = "<group>";
		};
		A00000000000000000000006 /* ScreenTimeSharingCore */ = {
			isa = PBXGroup;
			children = (
				C00000000000000000000001 /* CapabilityStatus.swift */,
				C00000000000000000000002 /* Models.swift */,
				C00000000000000000000003 /* DateBoundaries.swift */,
				C00000000000000000000004 /* UsageFormatting.swift */,
				C00000000000000000000005 /* WidgetCache.swift */,
				C00000000000000000000006 /* SnapshotRecordPayload.swift */,
			);
			path = Sources/ScreenTimeSharingCore;
			sourceTree = "<group>";
		};
		A00000000000000000000007 /* Services */ = {
			isa = PBXGroup;
			children = (
				D00000000000000000000007 /* LocalProfileStore.swift */,
				D00000000000000000000008 /* FamilyActivitySelectionStore.swift */,
				D00000000000000000000009 /* ScreenTimeProvider.swift */,
				D00000000000000000000010 /* DeviceActivityScreenTimeProvider.swift */,
				D00000000000000000000011 /* AppGroupWidgetCacheWriter.swift */,
				D00000000000000000000012 /* CloudKitUsageSnapshotStore.swift */,
				D00000000000000000000013 /* CloudShareSheet.swift */,
				D00000000000000000000014 /* CloudKitShareAcceptance.swift */,
			);
			path = Services;
			sourceTree = "<group>";
		};
		A00000000000000000000008 /* Views */ = {
			isa = PBXGroup;
			children = (
				D00000000000000000000015 /* RootView.swift */,
				D00000000000000000000016 /* OnboardingView.swift */,
				D00000000000000000000017 /* DashboardView.swift */,
				D00000000000000000000018 /* FriendsView.swift */,
				D00000000000000000000019 /* SettingsView.swift */,
				D00000000000000000000020 /* SharedViewBits.swift */,
			);
			path = Views;
			sourceTree = "<group>";
		};
/* End PBXGroup section */

/* Begin PBXNativeTarget section */
		A00000000000000000000010 /* ScreenTimeSharing */ = {
			isa = PBXNativeTarget;
			buildConfigurationList = A00000000000000000000093 /* Build configuration list for PBXNativeTarget "ScreenTimeSharing" */;
			buildPhases = (
				A00000000000000000000014 /* Sources */,
				A00000000000000000000015 /* Frameworks */,
				A00000000000000000000016 /* Resources */,
				A00000000000000000000017 /* Embed App Extensions */,
			);
			buildRules = (
			);
			dependencies = (
				A00000000000000000000021 /* PBXTargetDependency */,
			);
			name = ScreenTimeSharing;
			productName = ScreenTimeSharing;
			productReference = A00000000000000000000012 /* ScreenTimeSharing.app */;
			productType = "com.apple.product-type.application";
		};
		A00000000000000000000011 /* ScreenTimeSharingWidget */ = {
			isa = PBXNativeTarget;
			buildConfigurationList = A00000000000000000000096 /* Build configuration list for PBXNativeTarget "ScreenTimeSharingWidget" */;
			buildPhases = (
				A00000000000000000000018 /* Sources */,
				A00000000000000000000019 /* Frameworks */,
				A00000000000000000000020 /* Resources */,
			);
			buildRules = (
			);
			dependencies = (
			);
			name = ScreenTimeSharingWidget;
			productName = ScreenTimeSharingWidget;
			productReference = A00000000000000000000013 /* ScreenTimeSharingWidget.appex */;
			productType = "com.apple.product-type.app-extension";
		};
/* End PBXNativeTarget section */

/* Begin PBXProject section */
		A00000000000000000000001 /* Project object */ = {
			isa = PBXProject;
			attributes = {
				BuildIndependentTargetsInParallel = 1;
				LastSwiftUpdateCheck = 1600;
				LastUpgradeCheck = 1600;
				TargetAttributes = {
					A00000000000000000000010 = {
						CreatedOnToolsVersion = 16.0;
					};
					A00000000000000000000011 = {
						CreatedOnToolsVersion = 16.0;
					};
				};
			};
			buildConfigurationList = A00000000000000000000090 /* Build configuration list for PBXProject "ScreenTimeSharing" */;
			compatibilityVersion = "Xcode 15.0";
			developmentRegion = en;
			hasScannedForEncodings = 0;
			knownRegions = (
				en,
				Base,
			);
			mainGroup = A00000000000000000000002;
			productRefGroup = A00000000000000000000003 /* Products */;
			projectDirPath = "";
			projectRoot = "";
			targets = (
				A00000000000000000000010 /* ScreenTimeSharing */,
				A00000000000000000000011 /* ScreenTimeSharingWidget */,
			);
		};
/* End PBXProject section */

/* Begin PBXResourcesBuildPhase section */
		A00000000000000000000016 /* Resources */ = {
			isa = PBXResourcesBuildPhase;
			buildActionMask = 2147483647;
			files = (
				B30000000000000000000001 /* Assets.xcassets in Resources */,
			);
			runOnlyForDeploymentPostprocessing = 0;
		};
		A00000000000000000000020 /* Resources */ = {
			isa = PBXResourcesBuildPhase;
			buildActionMask = 2147483647;
			files = (
			);
			runOnlyForDeploymentPostprocessing = 0;
		};
/* End PBXResourcesBuildPhase section */

/* Begin PBXSourcesBuildPhase section */
		A00000000000000000000014 /* Sources */ = {
			isa = PBXSourcesBuildPhase;
			buildActionMask = 2147483647;
			files = (
				B10000000000000000000001 /* CapabilityStatus.swift in Sources */,
				B10000000000000000000002 /* Models.swift in Sources */,
				B10000000000000000000003 /* DateBoundaries.swift in Sources */,
				B10000000000000000000004 /* UsageFormatting.swift in Sources */,
				B10000000000000000000005 /* WidgetCache.swift in Sources */,
				B10000000000000000000006 /* SnapshotRecordPayload.swift in Sources */,
				B10000000000000000000007 /* AppConfiguration.swift in Sources */,
				B10000000000000000000008 /* AppModel.swift in Sources */,
				B10000000000000000000009 /* ScreenTimeSharingApp.swift in Sources */,
				B10000000000000000000010 /* LocalProfileStore.swift in Sources */,
				B10000000000000000000011 /* FamilyActivitySelectionStore.swift in Sources */,
				B10000000000000000000012 /* ScreenTimeProvider.swift in Sources */,
				B10000000000000000000013 /* DeviceActivityScreenTimeProvider.swift in Sources */,
				B10000000000000000000014 /* AppGroupWidgetCacheWriter.swift in Sources */,
				B10000000000000000000015 /* CloudKitUsageSnapshotStore.swift in Sources */,
				B10000000000000000000016 /* CloudShareSheet.swift in Sources */,
				B10000000000000000000017 /* CloudKitShareAcceptance.swift in Sources */,
				B10000000000000000000018 /* RootView.swift in Sources */,
				B10000000000000000000019 /* OnboardingView.swift in Sources */,
				B10000000000000000000020 /* DashboardView.swift in Sources */,
				B10000000000000000000021 /* FriendsView.swift in Sources */,
				B10000000000000000000022 /* SettingsView.swift in Sources */,
				B10000000000000000000023 /* SharedViewBits.swift in Sources */,
			);
			runOnlyForDeploymentPostprocessing = 0;
		};
		A00000000000000000000018 /* Sources */ = {
			isa = PBXSourcesBuildPhase;
			buildActionMask = 2147483647;
			files = (
				B20000000000000000000001 /* CapabilityStatus.swift in Sources */,
				B20000000000000000000002 /* Models.swift in Sources */,
				B20000000000000000000003 /* DateBoundaries.swift in Sources */,
				B20000000000000000000004 /* UsageFormatting.swift in Sources */,
				B20000000000000000000005 /* WidgetCache.swift in Sources */,
				B20000000000000000000006 /* SnapshotRecordPayload.swift in Sources */,
				B20000000000000000000007 /* WidgetCacheReader.swift in Sources */,
				B20000000000000000000008 /* WidgetFriendConfiguration.swift in Sources */,
				B20000000000000000000009 /* FriendUsageWidget.swift in Sources */,
				B20000000000000000000010 /* ScreenTimeSharingWidgetBundle.swift in Sources */,
			);
			runOnlyForDeploymentPostprocessing = 0;
		};
/* End PBXSourcesBuildPhase section */

/* Begin PBXTargetDependency section */
		A00000000000000000000021 /* PBXTargetDependency */ = {
			isa = PBXTargetDependency;
			target = A00000000000000000000011 /* ScreenTimeSharingWidget */;
			targetProxy = A00000000000000000000022 /* PBXContainerItemProxy */;
		};
/* End PBXTargetDependency section */

/* Begin XCBuildConfiguration section */
		A00000000000000000000091 /* Debug */ = {
			isa = XCBuildConfiguration;
			buildSettings = {
				ALWAYS_SEARCH_USER_PATHS = NO;
				CLANG_ANALYZER_NONNULL = YES;
				CLANG_ANALYZER_NUMBER_OBJECT_CONVERSION = YES_AGGRESSIVE;
				CLANG_CXX_LANGUAGE_STANDARD = "gnu++20";
				CLANG_ENABLE_MODULES = YES;
				CLANG_ENABLE_OBJC_ARC = YES;
				CLANG_ENABLE_OBJC_WEAK = YES;
				CLANG_WARN_BLOCK_CAPTURE_AUTORELEASING = YES;
				CLANG_WARN_BOOL_CONVERSION = YES;
				CLANG_WARN_COMMA = YES;
				CLANG_WARN_CONSTANT_CONVERSION = YES;
				CLANG_WARN_DEPRECATED_OBJC_IMPLEMENTATIONS = YES;
				CLANG_WARN_DIRECT_OBJC_ISA_USAGE = YES_ERROR;
				CLANG_WARN_DOCUMENTATION_COMMENTS = YES;
				CLANG_WARN_EMPTY_BODY = YES;
				CLANG_WARN_ENUM_CONVERSION = YES;
				CLANG_WARN_INFINITE_RECURSION = YES;
				CLANG_WARN_INT_CONVERSION = YES;
				CLANG_WARN_NON_LITERAL_NULL_CONVERSION = YES;
				CLANG_WARN_OBJC_IMPLICIT_RETAIN_SELF = YES;
				CLANG_WARN_OBJC_LITERAL_CONVERSION = YES;
				CLANG_WARN_OBJC_ROOT_CLASS = YES_ERROR;
				CLANG_WARN_QUOTED_INCLUDE_IN_FRAMEWORK_HEADER = YES;
				CLANG_WARN_RANGE_LOOP_ANALYSIS = YES;
				CLANG_WARN_STRICT_PROTOTYPES = YES;
				CLANG_WARN_SUSPICIOUS_MOVE = YES;
				CLANG_WARN_UNGUARDED_AVAILABILITY = YES_AGGRESSIVE;
				CLANG_WARN_UNREACHABLE_CODE = YES;
				CLANG_WARN__DUPLICATE_METHOD_MATCH = YES;
				COPY_PHASE_STRIP = NO;
				DEBUG_INFORMATION_FORMAT = dwarf;
				ENABLE_STRICT_OBJC_MSGSEND = YES;
				ENABLE_TESTABILITY = YES;
				ENABLE_USER_SCRIPT_SANDBOXING = YES;
				GCC_C_LANGUAGE_STANDARD = gnu17;
				GCC_DYNAMIC_NO_PIC = NO;
				GCC_NO_COMMON_BLOCKS = YES;
				GCC_OPTIMIZATION_LEVEL = 0;
				GCC_PREPROCESSOR_DEFINITIONS = (
					"DEBUG=1",
					"$(inherited)",
				);
				GCC_WARN_64_TO_32_BIT_CONVERSION = YES;
				GCC_WARN_ABOUT_RETURN_TYPE = YES_ERROR;
				GCC_WARN_UNDECLARED_SELECTOR = YES;
				GCC_WARN_UNINITIALIZED_AUTOS = YES_AGGRESSIVE;
				GCC_WARN_UNUSED_FUNCTION = YES;
				GCC_WARN_UNUSED_VARIABLE = YES;
				IPHONEOS_DEPLOYMENT_TARGET = 18.0;
				MTL_ENABLE_DEBUG_INFO = INCLUDE_SOURCE;
				MTL_FAST_MATH = YES;
				ONLY_ACTIVE_ARCH = YES;
				SDKROOT = iphoneos;
				SWIFT_ACTIVE_COMPILATION_CONDITIONS = DEBUG;
				SWIFT_OPTIMIZATION_LEVEL = "-Onone";
			};
			name = Debug;
		};
		A00000000000000000000092 /* Release */ = {
			isa = XCBuildConfiguration;
			buildSettings = {
				ALWAYS_SEARCH_USER_PATHS = NO;
				CLANG_ANALYZER_NONNULL = YES;
				CLANG_ANALYZER_NUMBER_OBJECT_CONVERSION = YES_AGGRESSIVE;
				CLANG_CXX_LANGUAGE_STANDARD = "gnu++20";
				CLANG_ENABLE_MODULES = YES;
				CLANG_ENABLE_OBJC_ARC = YES;
				CLANG_ENABLE_OBJC_WEAK = YES;
				CLANG_WARN_BLOCK_CAPTURE_AUTORELEASING = YES;
				CLANG_WARN_BOOL_CONVERSION = YES;
				CLANG_WARN_COMMA = YES;
				CLANG_WARN_CONSTANT_CONVERSION = YES;
				CLANG_WARN_DEPRECATED_OBJC_IMPLEMENTATIONS = YES;
				CLANG_WARN_DIRECT_OBJC_ISA_USAGE = YES_ERROR;
				CLANG_WARN_DOCUMENTATION_COMMENTS = YES;
				CLANG_WARN_EMPTY_BODY = YES;
				CLANG_WARN_ENUM_CONVERSION = YES;
				CLANG_WARN_INFINITE_RECURSION = YES;
				CLANG_WARN_INT_CONVERSION = YES;
				CLANG_WARN_NON_LITERAL_NULL_CONVERSION = YES;
				CLANG_WARN_OBJC_IMPLICIT_RETAIN_SELF = YES;
				CLANG_WARN_OBJC_LITERAL_CONVERSION = YES;
				CLANG_WARN_OBJC_ROOT_CLASS = YES_ERROR;
				CLANG_WARN_QUOTED_INCLUDE_IN_FRAMEWORK_HEADER = YES;
				CLANG_WARN_RANGE_LOOP_ANALYSIS = YES;
				CLANG_WARN_STRICT_PROTOTYPES = YES;
				CLANG_WARN_SUSPICIOUS_MOVE = YES;
				CLANG_WARN_UNGUARDED_AVAILABILITY = YES_AGGRESSIVE;
				CLANG_WARN_UNREACHABLE_CODE = YES;
				CLANG_WARN__DUPLICATE_METHOD_MATCH = YES;
				COPY_PHASE_STRIP = NO;
				DEBUG_INFORMATION_FORMAT = "dwarf-with-dsym";
				ENABLE_NS_ASSERTIONS = NO;
				ENABLE_STRICT_OBJC_MSGSEND = YES;
				ENABLE_USER_SCRIPT_SANDBOXING = YES;
				GCC_C_LANGUAGE_STANDARD = gnu17;
				GCC_NO_COMMON_BLOCKS = YES;
				GCC_WARN_64_TO_32_BIT_CONVERSION = YES;
				GCC_WARN_ABOUT_RETURN_TYPE = YES_ERROR;
				GCC_WARN_UNDECLARED_SELECTOR = YES;
				GCC_WARN_UNINITIALIZED_AUTOS = YES_AGGRESSIVE;
				GCC_WARN_UNUSED_FUNCTION = YES;
				GCC_WARN_UNUSED_VARIABLE = YES;
				IPHONEOS_DEPLOYMENT_TARGET = 18.0;
				MTL_ENABLE_DEBUG_INFO = NO;
				MTL_FAST_MATH = YES;
				SDKROOT = iphoneos;
				SWIFT_COMPILATION_MODE = wholemodule;
				SWIFT_OPTIMIZATION_LEVEL = "-O";
				VALIDATE_PRODUCT = YES;
			};
			name = Release;
		};
		A00000000000000000000094 /* Debug */ = {
			isa = XCBuildConfiguration;
			buildSettings = {
				ASSETCATALOG_COMPILER_APPICON_NAME = AppIcon;
				CODE_SIGN_ENTITLEMENTS = ScreenTimeSharing/ScreenTimeSharing.entitlements;
				CODE_SIGN_STYLE = Automatic;
				CURRENT_PROJECT_VERSION = 1;
				DEVELOPMENT_ASSET_PATHS = "";
				DEVELOPMENT_TEAM = "";
				GENERATE_INFOPLIST_FILE = NO;
				INFOPLIST_FILE = ScreenTimeSharing/Info.plist;
				LD_RUNPATH_SEARCH_PATHS = (
					"$(inherited)",
					"@executable_path/Frameworks",
				);
				MARKETING_VERSION = 1.0;
				PRODUCT_BUNDLE_IDENTIFIER = com.jdco.ScreenTimeSharing;
				PRODUCT_NAME = ScreenTimeSharing;
				SWIFT_EMIT_LOC_STRINGS = YES;
				SWIFT_VERSION = 6.0;
				TARGETED_DEVICE_FAMILY = 1;
			};
			name = Debug;
		};
		A00000000000000000000095 /* Release */ = {
			isa = XCBuildConfiguration;
			buildSettings = {
				ASSETCATALOG_COMPILER_APPICON_NAME = AppIcon;
				CODE_SIGN_ENTITLEMENTS = ScreenTimeSharing/ScreenTimeSharing.entitlements;
				CODE_SIGN_STYLE = Automatic;
				CURRENT_PROJECT_VERSION = 1;
				DEVELOPMENT_ASSET_PATHS = "";
				DEVELOPMENT_TEAM = "";
				GENERATE_INFOPLIST_FILE = NO;
				INFOPLIST_FILE = ScreenTimeSharing/Info.plist;
				LD_RUNPATH_SEARCH_PATHS = (
					"$(inherited)",
					"@executable_path/Frameworks",
				);
				MARKETING_VERSION = 1.0;
				PRODUCT_BUNDLE_IDENTIFIER = com.jdco.ScreenTimeSharing;
				PRODUCT_NAME = ScreenTimeSharing;
				SWIFT_EMIT_LOC_STRINGS = YES;
				SWIFT_VERSION = 6.0;
				TARGETED_DEVICE_FAMILY = 1;
			};
			name = Release;
		};
		A00000000000000000000097 /* Debug */ = {
			isa = XCBuildConfiguration;
			buildSettings = {
				APPLICATION_EXTENSION_API_ONLY = YES;
				CODE_SIGN_ENTITLEMENTS = ScreenTimeSharingWidget/ScreenTimeSharingWidget.entitlements;
				CODE_SIGN_STYLE = Automatic;
				CURRENT_PROJECT_VERSION = 1;
				DEVELOPMENT_TEAM = "";
				GENERATE_INFOPLIST_FILE = NO;
				INFOPLIST_FILE = ScreenTimeSharingWidget/Info.plist;
				LD_RUNPATH_SEARCH_PATHS = (
					"$(inherited)",
					"@executable_path/Frameworks",
					"@executable_path/../../Frameworks",
				);
				MARKETING_VERSION = 1.0;
				PRODUCT_BUNDLE_IDENTIFIER = com.jdco.ScreenTimeSharing.Widget;
				PRODUCT_NAME = ScreenTimeSharingWidget;
				SKIP_INSTALL = YES;
				SWIFT_EMIT_LOC_STRINGS = YES;
				SWIFT_VERSION = 6.0;
				TARGETED_DEVICE_FAMILY = 1;
			};
			name = Debug;
		};
		A00000000000000000000098 /* Release */ = {
			isa = XCBuildConfiguration;
			buildSettings = {
				APPLICATION_EXTENSION_API_ONLY = YES;
				CODE_SIGN_ENTITLEMENTS = ScreenTimeSharingWidget/ScreenTimeSharingWidget.entitlements;
				CODE_SIGN_STYLE = Automatic;
				CURRENT_PROJECT_VERSION = 1;
				DEVELOPMENT_TEAM = "";
				GENERATE_INFOPLIST_FILE = NO;
				INFOPLIST_FILE = ScreenTimeSharingWidget/Info.plist;
				LD_RUNPATH_SEARCH_PATHS = (
					"$(inherited)",
					"@executable_path/Frameworks",
					"@executable_path/../../Frameworks",
				);
				MARKETING_VERSION = 1.0;
				PRODUCT_BUNDLE_IDENTIFIER = com.jdco.ScreenTimeSharing.Widget;
				PRODUCT_NAME = ScreenTimeSharingWidget;
				SKIP_INSTALL = YES;
				SWIFT_EMIT_LOC_STRINGS = YES;
				SWIFT_VERSION = 6.0;
				TARGETED_DEVICE_FAMILY = 1;
			};
			name = Release;
		};
/* End XCBuildConfiguration section */

/* Begin XCConfigurationList section */
		A00000000000000000000090 /* Build configuration list for PBXProject "ScreenTimeSharing" */ = {
			isa = XCConfigurationList;
			buildConfigurations = (
				A00000000000000000000091 /* Debug */,
				A00000000000000000000092 /* Release */,
			);
			defaultConfigurationIsVisible = 0;
			defaultConfigurationName = Release;
		};
		A00000000000000000000093 /* Build configuration list for PBXNativeTarget "ScreenTimeSharing" */ = {
			isa = XCConfigurationList;
			buildConfigurations = (
				A00000000000000000000094 /* Debug */,
				A00000000000000000000095 /* Release */,
			);
			defaultConfigurationIsVisible = 0;
			defaultConfigurationName = Release;
		};
		A00000000000000000000096 /* Build configuration list for PBXNativeTarget "ScreenTimeSharingWidget" */ = {
			isa = XCConfigurationList;
			buildConfigurations = (
				A00000000000000000000097 /* Debug */,
				A00000000000000000000098 /* Release */,
			);
			defaultConfigurationIsVisible = 0;
			defaultConfigurationName = Release;
		};
/* End XCConfigurationList section */
	};
	rootObject = A00000000000000000000001 /* Project object */;
}
